// !$*UTF8*$!
{
	archiveVersion = 1;
	classes = {
	};
	objectVersion = 51;
	objects = {

/* Begin PBXBuildFile section */
		04E09470267A06B500A69956 /* AppDelegate.swift in Sources */ = {isa = PBXBuildFile; fileRef = 04E0946F267A06B500A69956 /* AppDelegate.swift */; };
		04E09472267A06B500A69956 /* SceneDelegate.swift in Sources */ = {isa = PBXBuildFile; fileRef = 04E09471267A06B500A69956 /* SceneDelegate.swift */; };
		04E09474267A06B500A69956 /* ViewController.swift in Sources */ = {isa = PBXBuildFile; fileRef = 04E09473267A06B500A69956 /* ViewController.swift */; };
		04E09477267A06B500A69956 /* Main.storyboard in Resources */ = {isa = PBXBuildFile; fileRef = 04E09475267A06B500A69956 /* Main.storyboard */; };
		04E09479267A06B900A69956 /* Assets.xcassets in Resources */ = {isa = PBXBuildFile; fileRef = 04E09478267A06B900A69956 /* Assets.xcassets */; };
		04E0947C267A06B900A69956 /* LaunchScreen.storyboard in Resources */ = {isa = PBXBuildFile; fileRef = 04E0947A267A06B900A69956 /* LaunchScreen.storyboard */; };
		04E5836F267A47FB00EDC3A3 /* Utils.swift in Sources */ = {isa = PBXBuildFile; fileRef = 04E5836E267A47FB00EDC3A3 /* Utils.swift */; };
		04E58371267A4A0A00EDC3A3 /* UIDevice+Model.swift in Sources */ = {isa = PBXBuildFile; fileRef = 04E58370267A4A0A00EDC3A3 /* UIDevice+Model.swift */; };
		04E58373267A4A2000EDC3A3 /* UIDevice+Enviroment.swift in Sources */ = {isa = PBXBuildFile; fileRef = 04E58372267A4A2000EDC3A3 /* UIDevice+Enviroment.swift */; };
		04E58375267A4EC700EDC3A3 /* TabBarController.storyboard in Resources */ = {isa = PBXBuildFile; fileRef = 04E58374267A4EC700EDC3A3 /* TabBarController.storyboard */; };
		04E58377267B323E00EDC3A3 /* Constants.swift in Sources */ = {isa = PBXBuildFile; fileRef = 04E58376267B323E00EDC3A3 /* Constants.swift */; };
		04E58379267B39AD00EDC3A3 /* PHPhotoLibrary+Auth.swift in Sources */ = {isa = PBXBuildFile; fileRef = 04E58378267B39AD00EDC3A3 /* PHPhotoLibrary+Auth.swift */; };
		04E5837C267B3E2A00EDC3A3 /* PhotoManager.swift in Sources */ = {isa = PBXBuildFile; fileRef = 04E5837B267B3E2A00EDC3A3 /* PhotoManager.swift */; };
		04E5837E267B60F600EDC3A3 /* AlertManager.swift in Sources */ = {isa = PBXBuildFile; fileRef = 04E5837D267B60F600EDC3A3 /* AlertManager.swift */; };
		04E58380267B9F6B00EDC3A3 /* PHAsset+ImportData.swift in Sources */ = {isa = PBXBuildFile; fileRef = 04E5837F267B9F6B00EDC3A3 /* PHAsset+ImportData.swift */; };
		2001A0C2915698B9A225961C /* Pods_ECleaner.framework in Frameworks */ = {isa = PBXBuildFile; fileRef = E6C6CFFC143ABD3817A81249 /* Pods_ECleaner.framework */; };
/* End PBXBuildFile section */

/* Begin PBXFileReference section */
		04E0946C267A06B500A69956 /* ECleaner.app */ = {isa = PBXFileReference; explicitFileType = wrapper.application; includeInIndex = 0; path = ECleaner.app; sourceTree = BUILT_PRODUCTS_DIR; };
		04E0946F267A06B500A69956 /* AppDelegate.swift */ = {isa = PBXFileReference; lastKnownFileType = sourcecode.swift; path = AppDelegate.swift; sourceTree = "<group>"; };
		04E09471267A06B500A69956 /* SceneDelegate.swift */ = {isa = PBXFileReference; lastKnownFileType = sourcecode.swift; path = SceneDelegate.swift; sourceTree = "<group>"; };
		04E09473267A06B500A69956 /* ViewController.swift */ = {isa = PBXFileReference; lastKnownFileType = sourcecode.swift; path = ViewController.swift; sourceTree = "<group>"; };
		04E09476267A06B500A69956 /* Base */ = {isa = PBXFileReference; lastKnownFileType = file.storyboard; name = Base; path = Base.lproj/Main.storyboard; sourceTree = "<group>"; };
		04E09478267A06B900A69956 /* Assets.xcassets */ = {isa = PBXFileReference; lastKnownFileType = folder.assetcatalog; path = Assets.xcassets; sourceTree = "<group>"; };
		04E0947B267A06B900A69956 /* Base */ = {isa = PBXFileReference; lastKnownFileType = file.storyboard; name = Base; path = Base.lproj/LaunchScreen.storyboard; sourceTree = "<group>"; };
		04E0947D267A06B900A69956 /* Info.plist */ = {isa = PBXFileReference; lastKnownFileType = text.plist.xml; path = Info.plist; sourceTree = "<group>"; };
		04E5836E267A47FB00EDC3A3 /* Utils.swift */ = {isa = PBXFileReference; lastKnownFileType = sourcecode.swift; path = Utils.swift; sourceTree = "<group>"; };
		04E58370267A4A0A00EDC3A3 /* UIDevice+Model.swift */ = {isa = PBXFileReference; lastKnownFileType = sourcecode.swift; path = "UIDevice+Model.swift"; sourceTree = "<group>"; };
		04E58372267A4A2000EDC3A3 /* UIDevice+Enviroment.swift */ = {isa = PBXFileReference; lastKnownFileType = sourcecode.swift; path = "UIDevice+Enviroment.swift"; sourceTree = "<group>"; };
		04E58374267A4EC700EDC3A3 /* TabBarController.storyboard */ = {isa = PBXFileReference; lastKnownFileType = file.storyboard; path = TabBarController.storyboard; sourceTree = "<group>"; };
		04E58376267B323E00EDC3A3 /* Constants.swift */ = {isa = PBXFileReference; lastKnownFileType = sourcecode.swift; path = Constants.swift; sourceTree = "<group>"; };
		04E58378267B39AD00EDC3A3 /* PHPhotoLibrary+Auth.swift */ = {isa = PBXFileReference; lastKnownFileType = sourcecode.swift; path = "PHPhotoLibrary+Auth.swift"; sourceTree = "<group>"; };
		04E5837B267B3E2A00EDC3A3 /* PhotoManager.swift */ = {isa = PBXFileReference; lastKnownFileType = sourcecode.swift; path = PhotoManager.swift; sourceTree = "<group>"; };
		04E5837D267B60F600EDC3A3 /* AlertManager.swift */ = {isa = PBXFileReference; lastKnownFileType = sourcecode.swift; path = AlertManager.swift; sourceTree = "<group>"; };
		04E5837F267B9F6B00EDC3A3 /* PHAsset+ImportData.swift */ = {isa = PBXFileReference; lastKnownFileType = sourcecode.swift; path = "PHAsset+ImportData.swift"; sourceTree = "<group>"; };
		81D1B9EBAF1D92CCA563E435 /* Pods-ECleaner.debug.xcconfig */ = {isa = PBXFileReference; includeInIndex = 1; lastKnownFileType = text.xcconfig; name = "Pods-ECleaner.debug.xcconfig"; path = "Target Support Files/Pods-ECleaner/Pods-ECleaner.debug.xcconfig"; sourceTree = "<group>"; };
		D5E1E3293C3C186D5078FB52 /* Pods-ECleaner.release.xcconfig */ = {isa = PBXFileReference; includeInIndex = 1; lastKnownFileType = text.xcconfig; name = "Pods-ECleaner.release.xcconfig"; path = "Target Support Files/Pods-ECleaner/Pods-ECleaner.release.xcconfig"; sourceTree = "<group>"; };
		E6C6CFFC143ABD3817A81249 /* Pods_ECleaner.framework */ = {isa = PBXFileReference; explicitFileType = wrapper.framework; includeInIndex = 0; path = Pods_ECleaner.framework; sourceTree = BUILT_PRODUCTS_DIR; };
/* End PBXFileReference section */

/* Begin PBXFrameworksBuildPhase section */
		04E09469267A06B500A69956 /* Frameworks */ = {
			isa = PBXFrameworksBuildPhase;
			buildActionMask = 2147483647;
			files = (
				2001A0C2915698B9A225961C /* Pods_ECleaner.framework in Frameworks */,
			);
			runOnlyForDeploymentPostprocessing = 0;
		};
/* End PBXFrameworksBuildPhase section */

/* Begin PBXGroup section */
		04E09463267A06B500A69956 = {
			isa = PBXGroup;
			children = (
				04E0946E267A06B500A69956 /* ECleaner */,
				04E0946D267A06B500A69956 /* Products */,
				78535D8DFC85B5DF1D785ED7 /* Pods */,
				9C660DF0569619D661857567 /* Frameworks */,
			);
			sourceTree = "<group>";
		};
		04E0946D267A06B500A69956 /* Products */ = {
			isa = PBXGroup;
			children = (
				04E0946C267A06B500A69956 /* ECleaner.app */,
			);
			name = Products;
			sourceTree = "<group>";
		};
		04E0946E267A06B500A69956 /* ECleaner */ = {
			isa = PBXGroup;
			children = (
				04E5835C267A3E6200EDC3A3 /* New Group */,
				04E58369267A3FBE00EDC3A3 /* Application */,
				04E58365267A3F5E00EDC3A3 /* ViewModel */,
				04E58360267A3EC000EDC3A3 /* Models */,
				04E5835B267A3E4700EDC3A3 /* Controllers */,
				04E58364267A3F1600EDC3A3 /* Views */,
				04E58362267A3EE900EDC3A3 /* Storyboards & Xibs */,
				04E5835F267A3EB600EDC3A3 /* Managers */,
				04E5835E267A3E7D00EDC3A3 /* Helpers */,
				04E5835D267A3E6C00EDC3A3 /* Extension */,
				04E58366267A3F7200EDC3A3 /* Listeners */,
				04E58361267A3ED000EDC3A3 /* Protocols */,
				04E58363267A3EFA00EDC3A3 /* Supporting Files */,
				04E58367267A3F8F00EDC3A3 /* Assets */,
				04E0947D267A06B900A69956 /* Info.plist */,
			);
			path = ECleaner;
			sourceTree = "<group>";
		};
		04E5835B267A3E4700EDC3A3 /* Controllers */ = {
			isa = PBXGroup;
			children = (
				04E09473267A06B500A69956 /* ViewController.swift */,
			);
			path = Controllers;
			sourceTree = "<group>";
		};
		04E5835C267A3E6200EDC3A3 /* New Group */ = {
			isa = PBXGroup;
			children = (
			);
			path = "New Group";
			sourceTree = "<group>";
		};
		04E5835D267A3E6C00EDC3A3 /* Extension */ = {
			isa = PBXGroup;
			children = (
				04E58370267A4A0A00EDC3A3 /* UIDevice+Model.swift */,
				04E58372267A4A2000EDC3A3 /* UIDevice+Enviroment.swift */,
				04E5837A267B39C400EDC3A3 /* PhotoLibrary */,
			);
			path = Extension;
			sourceTree = "<group>";
		};
		04E5835E267A3E7D00EDC3A3 /* Helpers */ = {
			isa = PBXGroup;
			children = (
				04E5836E267A47FB00EDC3A3 /* Utils.swift */,
				04E58376267B323E00EDC3A3 /* Constants.swift */,
			);
			path = Helpers;
			sourceTree = "<group>";
		};
		04E5835F267A3EB600EDC3A3 /* Managers */ = {
			isa = PBXGroup;
			children = (
				04E5837B267B3E2A00EDC3A3 /* PhotoManager.swift */,
				04E5837F267B9F6B00EDC3A3 /* PHAsset+ImportData.swift */,
				04E5837D267B60F600EDC3A3 /* AlertManager.swift */,
			);
			path = Managers;
			sourceTree = "<group>";
		};
		04E58360267A3EC000EDC3A3 /* Models */ = {
			isa = PBXGroup;
			children = (
			);
			path = Models;
			sourceTree = "<group>";
		};
		04E58361267A3ED000EDC3A3 /* Protocols */ = {
			isa = PBXGroup;
			children = (
			);
			path = Protocols;
			sourceTree = "<group>";
		};
		04E58362267A3EE900EDC3A3 /* Storyboards & Xibs */ = {
			isa = PBXGroup;
			children = (
				04E5836B267A414C00EDC3A3 /* Xibs */,
				04E5836A267A412D00EDC3A3 /* Storyboards */,
				04E58374267A4EC700EDC3A3 /* TabBarController.storyboard */,
			);
			path = "Storyboards & Xibs";
			sourceTree = "<group>";
		};
		04E58363267A3EFA00EDC3A3 /* Supporting Files */ = {
			isa = PBXGroup;
			children = (
			);
			path = "Supporting Files";
			sourceTree = "<group>";
		};
		04E58364267A3F1600EDC3A3 /* Views */ = {
			isa = PBXGroup;
			children = (
			);
			path = Views;
			sourceTree = "<group>";
		};
		04E58365267A3F5E00EDC3A3 /* ViewModel */ = {
			isa = PBXGroup;
			children = (
			);
			path = ViewModel;
			sourceTree = "<group>";
		};
		04E58366267A3F7200EDC3A3 /* Listeners */ = {
			isa = PBXGroup;
			children = (
			);
			path = Listeners;
			sourceTree = "<group>";
		};
		04E58367267A3F8F00EDC3A3 /* Assets */ = {
			isa = PBXGroup;
			children = (
				04E09478267A06B900A69956 /* Assets.xcassets */,
				04E58368267A3FA700EDC3A3 /* AppIcon */,
			);
			path = Assets;
			sourceTree = "<group>";
		};
		04E58368267A3FA700EDC3A3 /* AppIcon */ = {
			isa = PBXGroup;
			children = (
			);
			path = AppIcon;
			sourceTree = "<group>";
		};
		04E58369267A3FBE00EDC3A3 /* Application */ = {
			isa = PBXGroup;
			children = (
				04E0946F267A06B500A69956 /* AppDelegate.swift */,
				04E09471267A06B500A69956 /* SceneDelegate.swift */,
			);
			path = Application;
			sourceTree = "<group>";
		};
		04E5836A267A412D00EDC3A3 /* Storyboards */ = {
			isa = PBXGroup;
			children = (
				04E09475267A06B500A69956 /* Main.storyboard */,
				04E0947A267A06B900A69956 /* LaunchScreen.storyboard */,
			);
			path = Storyboards;
			sourceTree = "<group>";
		};
		04E5836B267A414C00EDC3A3 /* Xibs */ = {
			isa = PBXGroup;
			children = (
			);
			path = Xibs;
			sourceTree = "<group>";
		};
		04E5837A267B39C400EDC3A3 /* PhotoLibrary */ = {
			isa = PBXGroup;
			children = (
				04E58378267B39AD00EDC3A3 /* PHPhotoLibrary+Auth.swift */,
			);
			path = PhotoLibrary;
			sourceTree = "<group>";
		};
		78535D8DFC85B5DF1D785ED7 /* Pods */ = {
			isa = PBXGroup;
			children = (
				81D1B9EBAF1D92CCA563E435 /* Pods-ECleaner.debug.xcconfig */,
				D5E1E3293C3C186D5078FB52 /* Pods-ECleaner.release.xcconfig */,
			);
			path = Pods;
			sourceTree = "<group>";
		};
		9C660DF0569619D661857567 /* Frameworks */ = {
			isa = PBXGroup;
			children = (
				E6C6CFFC143ABD3817A81249 /* Pods_ECleaner.framework */,
			);
			name = Frameworks;
			sourceTree = "<group>";
		};
/* End PBXGroup section */

/* Begin PBXNativeTarget section */
		04E0946B267A06B500A69956 /* ECleaner */ = {
			isa = PBXNativeTarget;
			buildConfigurationList = 04E09480267A06B900A69956 /* Build configuration list for PBXNativeTarget "ECleaner" */;
			buildPhases = (
				7D0FB6662DD590996CCD79B8 /* [CP] Check Pods Manifest.lock */,
				04E09468267A06B500A69956 /* Sources */,
				04E09469267A06B500A69956 /* Frameworks */,
				04E0946A267A06B500A69956 /* Resources */,
				90C56291C67FB1C8A719E008 /* [CP] Embed Pods Frameworks */,
			);
			buildRules = (
			);
			dependencies = (
			);
			name = ECleaner;
			productName = ECleaner;
			productReference = 04E0946C267A06B500A69956 /* ECleaner.app */;
			productType = "com.apple.product-type.application";
		};
/* End PBXNativeTarget section */

/* Begin PBXProject section */
		04E09464267A06B500A69956 /* Project object */ = {
			isa = PBXProject;
			attributes = {
				LastSwiftUpdateCheck = 1250;
				LastUpgradeCheck = 1250;
				TargetAttributes = {
					04E0946B267A06B500A69956 = {
						CreatedOnToolsVersion = 12.5;
					};
				};
			};
			buildConfigurationList = 04E09467267A06B500A69956 /* Build configuration list for PBXProject "ECleaner" */;
			compatibilityVersion = "Xcode 9.3";
			developmentRegion = en;
			hasScannedForEncodings = 0;
			knownRegions = (
				en,
				Base,
			);
			mainGroup = 04E09463267A06B500A69956;
			productRefGroup = 04E0946D267A06B500A69956 /* Products */;
			projectDirPath = "";
			projectRoot = "";
			targets = (
				04E0946B267A06B500A69956 /* ECleaner */,
			);
		};
/* End PBXProject section */

/* Begin PBXResourcesBuildPhase section */
		04E0946A267A06B500A69956 /* Resources */ = {
			isa = PBXResourcesBuildPhase;
			buildActionMask = 2147483647;
			files = (
				04E0947C267A06B900A69956 /* LaunchScreen.storyboard in Resources */,
				04E09479267A06B900A69956 /* Assets.xcassets in Resources */,
				04E58375267A4EC700EDC3A3 /* TabBarController.storyboard in Resources */,
				04E09477267A06B500A69956 /* Main.storyboard in Resources */,
			);
			runOnlyForDeploymentPostprocessing = 0;
		};
/* End PBXResourcesBuildPhase section */

/* Begin PBXShellScriptBuildPhase section */
		7D0FB6662DD590996CCD79B8 /* [CP] Check Pods Manifest.lock */ = {
			isa = PBXShellScriptBuildPhase;
			buildActionMask = 2147483647;
			files = (
			);
			inputFileListPaths = (
			);
			inputPaths = (
				"${PODS_PODFILE_DIR_PATH}/Podfile.lock",
				"${PODS_ROOT}/Manifest.lock",
			);
			name = "[CP] Check Pods Manifest.lock";
			outputFileListPaths = (
			);
			outputPaths = (
				"$(DERIVED_FILE_DIR)/Pods-ECleaner-checkManifestLockResult.txt",
			);
			runOnlyForDeploymentPostprocessing = 0;
			shellPath = /bin/sh;
			shellScript = "diff \"${PODS_PODFILE_DIR_PATH}/Podfile.lock\" \"${PODS_ROOT}/Manifest.lock\" > /dev/null\nif [ $? != 0 ] ; then\n    # print error to STDERR\n    echo \"error: The sandbox is not in sync with the Podfile.lock. Run 'pod install' or update your CocoaPods installation.\" >&2\n    exit 1\nfi\n# This output is used by Xcode 'outputs' to avoid re-running this script phase.\necho \"SUCCESS\" > \"${SCRIPT_OUTPUT_FILE_0}\"\n";
			showEnvVarsInLog = 0;
		};
		90C56291C67FB1C8A719E008 /* [CP] Embed Pods Frameworks */ = {
			isa = PBXShellScriptBuildPhase;
			buildActionMask = 2147483647;
			files = (
			);
			inputFileListPaths = (
				"${PODS_ROOT}/Target Support Files/Pods-ECleaner/Pods-ECleaner-frameworks-${CONFIGURATION}-input-files.xcfilelist",
			);
			name = "[CP] Embed Pods Frameworks";
			outputFileListPaths = (
				"${PODS_ROOT}/Target Support Files/Pods-ECleaner/Pods-ECleaner-frameworks-${CONFIGURATION}-output-files.xcfilelist",
			);
			runOnlyForDeploymentPostprocessing = 0;
			shellPath = /bin/sh;
			shellScript = "\"${PODS_ROOT}/Target Support Files/Pods-ECleaner/Pods-ECleaner-frameworks.sh\"\n";
			showEnvVarsInLog = 0;
		};
/* End PBXShellScriptBuildPhase section */

/* Begin PBXSourcesBuildPhase section */
		04E09468267A06B500A69956 /* Sources */ = {
			isa = PBXSourcesBuildPhase;
			buildActionMask = 2147483647;
			files = (
				04E58379267B39AD00EDC3A3 /* PHPhotoLibrary+Auth.swift in Sources */,
				04E58373267A4A2000EDC3A3 /* UIDevice+Enviroment.swift in Sources */,
				04E5837E267B60F600EDC3A3 /* AlertManager.swift in Sources */,
				04E09474267A06B500A69956 /* ViewController.swift in Sources */,
				04E5837C267B3E2A00EDC3A3 /* PhotoManager.swift in Sources */,
				04E09470267A06B500A69956 /* AppDelegate.swift in Sources */,
				04E09472267A06B500A69956 /* SceneDelegate.swift in Sources */,
				04E58377267B323E00EDC3A3 /* Constants.swift in Sources */,
				04E5836F267A47FB00EDC3A3 /* Utils.swift in Sources */,
				04E58371267A4A0A00EDC3A3 /* UIDevice+Model.swift in Sources */,
				04E58380267B9F6B00EDC3A3 /* PHAsset+ImportData.swift in Sources */,
			);
			runOnlyForDeploymentPostprocessing = 0;
		};
/* End PBXSourcesBuildPhase section */

/* Begin PBXVariantGroup section */
		04E09475267A06B500A69956 /* Main.storyboard */ = {
			isa = PBXVariantGroup;
			children = (
				04E09476267A06B500A69956 /* Base */,
			);
			name = Main.storyboard;
			sourceTree = "<group>";
		};
		04E0947A267A06B900A69956 /* LaunchScreen.storyboard */ = {
			isa = PBXVariantGroup;
			children = (
				04E0947B267A06B900A69956 /* Base */,
			);
			name = LaunchScreen.storyboard;
			sourceTree = "<group>";
		};
/* End PBXVariantGroup section */

/* Begin XCBuildConfiguration section */
		04E0947E267A06B900A69956 /* Debug */ = {
			isa = XCBuildConfiguration;
			buildSettings = {
				ALWAYS_SEARCH_USER_PATHS = NO;
				CLANG_ANALYZER_NONNULL = YES;
				CLANG_ANALYZER_NUMBER_OBJECT_CONVERSION = YES_AGGRESSIVE;
				CLANG_CXX_LANGUAGE_STANDARD = "gnu++14";
				CLANG_CXX_LIBRARY = "libc++";
				CLANG_ENABLE_MODULES = YES;
				CLANG_ENABLE_OBJC_ARC = YES;
				CLANG_ENABLE_OBJC_WEAK = YES;
				CLANG_WARN_BLOCK_CAPTURE_AUTORELEASING = YES;
				CLANG_WARN_BOOL_CONVERSION = YES;
				CLANG_WARN_COMMA = YES;
				CLANG_WARN_CONSTANT_CONVERSION = YES;
				CLANG_WARN_DEPRECATED_OBJC_IMPLEMENTATIONS = YES;
				CLANG_WARN_DIRECT_OBJC_ISA_USAGE = YES_ERROR;
				CLANG_WARN_DOCUMENTATION_COMMENTS = YES;
				CLANG_WARN_EMPTY_BODY = YES;
				CLANG_WARN_ENUM_CONVERSION = YES;
				CLANG_WARN_INFINITE_RECURSION = YES;
				CLANG_WARN_INT_CONVERSION = YES;
				CLANG_WARN_NON_LITERAL_NULL_CONVERSION = YES;
				CLANG_WARN_OBJC_IMPLICIT_RETAIN_SELF = YES;
				CLANG_WARN_OBJC_LITERAL_CONVERSION = YES;
				CLANG_WARN_OBJC_ROOT_CLASS = YES_ERROR;
				CLANG_WARN_QUOTED_INCLUDE_IN_FRAMEWORK_HEADER = YES;
				CLANG_WARN_RANGE_LOOP_ANALYSIS = YES;
				CLANG_WARN_STRICT_PROTOTYPES = YES;
				CLANG_WARN_SUSPICIOUS_MOVE = YES;
				CLANG_WARN_UNGUARDED_AVAILABILITY = YES_AGGRESSIVE;
				CLANG_WARN_UNREACHABLE_CODE = YES;
				CLANG_WARN__DUPLICATE_METHOD_MATCH = YES;
				COPY_PHASE_STRIP = NO;
				DEBUG_INFORMATION_FORMAT = dwarf;
				ENABLE_STRICT_OBJC_MSGSEND = YES;
				ENABLE_TESTABILITY = YES;
				GCC_C_LANGUAGE_STANDARD = gnu11;
				GCC_DYNAMIC_NO_PIC = NO;
				GCC_NO_COMMON_BLOCKS = YES;
				GCC_OPTIMIZATION_LEVEL = 0;
				GCC_PREPROCESSOR_DEFINITIONS = (
					"DEBUG=1",
					"$(inherited)",
				);
				GCC_WARN_64_TO_32_BIT_CONVERSION = YES;
				GCC_WARN_ABOUT_RETURN_TYPE = YES_ERROR;
				GCC_WARN_UNDECLARED_SELECTOR = YES;
				GCC_WARN_UNINITIALIZED_AUTOS = YES_AGGRESSIVE;
				GCC_WARN_UNUSED_FUNCTION = YES;
				GCC_WARN_UNUSED_VARIABLE = YES;
				IPHONEOS_DEPLOYMENT_TARGET = 14.5;
				MTL_ENABLE_DEBUG_INFO = INCLUDE_SOURCE;
				MTL_FAST_MATH = YES;
				ONLY_ACTIVE_ARCH = YES;
				SDKROOT = iphoneos;
				SWIFT_ACTIVE_COMPILATION_CONDITIONS = DEBUG;
				SWIFT_OPTIMIZATION_LEVEL = "-Onone";
			};
			name = Debug;
		};
		04E0947F267A06B900A69956 /* Release */ = {
			isa = XCBuildConfiguration;
			buildSettings = {
				ALWAYS_SEARCH_USER_PATHS = NO;
				CLANG_ANALYZER_NONNULL = YES;
				CLANG_ANALYZER_NUMBER_OBJECT_CONVERSION = YES_AGGRESSIVE;
				CLANG_CXX_LANGUAGE_STANDARD = "gnu++14";
				CLANG_CXX_LIBRARY = "libc++";
				CLANG_ENABLE_MODULES = YES;
				CLANG_ENABLE_OBJC_ARC = YES;
				CLANG_ENABLE_OBJC_WEAK = YES;
				CLANG_WARN_BLOCK_CAPTURE_AUTORELEASING = YES;
				CLANG_WARN_BOOL_CONVERSION = YES;
				CLANG_WARN_COMMA = YES;
				CLANG_WARN_CONSTANT_CONVERSION = YES;
				CLANG_WARN_DEPRECATED_OBJC_IMPLEMENTATIONS = YES;
				CLANG_WARN_DIRECT_OBJC_ISA_USAGE = YES_ERROR;
				CLANG_WARN_DOCUMENTATION_COMMENTS = YES;
				CLANG_WARN_EMPTY_BODY = YES;
				CLANG_WARN_ENUM_CONVERSION = YES;
				CLANG_WARN_INFINITE_RECURSION = YES;
				CLANG_WARN_INT_CONVERSION = YES;
				CLANG_WARN_NON_LITERAL_NULL_CONVERSION = YES;
				CLANG_WARN_OBJC_IMPLICIT_RETAIN_SELF = YES;
				CLANG_WARN_OBJC_LITERAL_CONVERSION = YES;
				CLANG_WARN_OBJC_ROOT_CLASS = YES_ERROR;
				CLANG_WARN_QUOTED_INCLUDE_IN_FRAMEWORK_HEADER = YES;
				CLANG_WARN_RANGE_LOOP_ANALYSIS = YES;
				CLANG_WARN_STRICT_PROTOTYPES = YES;
				CLANG_WARN_SUSPICIOUS_MOVE = YES;
				CLANG_WARN_UNGUARDED_AVAILABILITY = YES_AGGRESSIVE;
				CLANG_WARN_UNREACHABLE_CODE = YES;
				CLANG_WARN__DUPLICATE_METHOD_MATCH = YES;
				COPY_PHASE_STRIP = NO;
				DEBUG_INFORMATION_FORMAT = "dwarf-with-dsym";
				ENABLE_NS_ASSERTIONS = NO;
				ENABLE_STRICT_OBJC_MSGSEND = YES;
				GCC_C_LANGUAGE_STANDARD = gnu11;
				GCC_NO_COMMON_BLOCKS = YES;
				GCC_WARN_64_TO_32_BIT_CONVERSION = YES;
				GCC_WARN_ABOUT_RETURN_TYPE = YES_ERROR;
				GCC_WARN_UNDECLARED_SELECTOR = YES;
				GCC_WARN_UNINITIALIZED_AUTOS = YES_AGGRESSIVE;
				GCC_WARN_UNUSED_FUNCTION = YES;
				GCC_WARN_UNUSED_VARIABLE = YES;
				IPHONEOS_DEPLOYMENT_TARGET = 14.5;
				MTL_ENABLE_DEBUG_INFO = NO;
				MTL_FAST_MATH = YES;
				SDKROOT = iphoneos;
				SWIFT_COMPILATION_MODE = wholemodule;
				SWIFT_OPTIMIZATION_LEVEL = "-O";
				VALIDATE_PRODUCT = YES;
			};
			name = Release;
		};
		04E09481267A06B900A69956 /* Debug */ = {
			isa = XCBuildConfiguration;
			baseConfigurationReference = 81D1B9EBAF1D92CCA563E435 /* Pods-ECleaner.debug.xcconfig */;
			buildSettings = {
				ASSETCATALOG_COMPILER_APPICON_NAME = AppIcon;
				ASSETCATALOG_COMPILER_GLOBAL_ACCENT_COLOR_NAME = AccentColor;
				CODE_SIGN_STYLE = Automatic;
				DEVELOPMENT_TEAM = XPH478SCV6;
				INFOPLIST_FILE = ECleaner/Info.plist;
				IPHONEOS_DEPLOYMENT_TARGET = 13.0;
				LD_RUNPATH_SEARCH_PATHS = (
					"$(inherited)",
					"@executable_path/Frameworks",
				);
				MARKETING_VERSION = 0.01;
				PRODUCT_BUNDLE_IDENTIFIER = com.ecleaner.com;
				PRODUCT_NAME = "$(TARGET_NAME)";
				SWIFT_VERSION = 5.0;
				TARGETED_DEVICE_FAMILY = "1,2";
			};
			name = Debug;
		};
		04E09482267A06B900A69956 /* Release */ = {
			isa = XCBuildConfiguration;
			baseConfigurationReference = D5E1E3293C3C186D5078FB52 /* Pods-ECleaner.release.xcconfig */;
			buildSettings = {
				ASSETCATALOG_COMPILER_APPICON_NAME = AppIcon;
				ASSETCATALOG_COMPILER_GLOBAL_ACCENT_COLOR_NAME = AccentColor;
				CODE_SIGN_STYLE = Automatic;
				DEVELOPMENT_TEAM = XPH478SCV6;
				INFOPLIST_FILE = ECleaner/Info.plist;
				IPHONEOS_DEPLOYMENT_TARGET = 13.0;
				LD_RUNPATH_SEARCH_PATHS = (
					"$(inherited)",
					"@executable_path/Frameworks",
				);
				MARKETING_VERSION = 0.01;
				PRODUCT_BUNDLE_IDENTIFIER = com.ecleaner.com;
				PRODUCT_NAME = "$(TARGET_NAME)";
				SWIFT_VERSION = 5.0;
				TARGETED_DEVICE_FAMILY = "1,2";
			};
			name = Release;
		};
/* End XCBuildConfiguration section */

/* Begin XCConfigurationList section */
		04E09467267A06B500A69956 /* Build configuration list for PBXProject "ECleaner" */ = {
			isa = XCConfigurationList;
			buildConfigurations = (
				04E0947E267A06B900A69956 /* Debug */,
				04E0947F267A06B900A69956 /* Release */,
			);
			defaultConfigurationIsVisible = 0;
			defaultConfigurationName = Release;
		};
		04E09480267A06B900A69956 /* Build configuration list for PBXNativeTarget "ECleaner" */ = {
			isa = XCConfigurationList;
			buildConfigurations = (
				04E09481267A06B900A69956 /* Debug */,
				04E09482267A06B900A69956 /* Release */,
			);
			defaultConfigurationIsVisible = 0;
			defaultConfigurationName = Release;
		};
/* End XCConfigurationList section */
	};
	rootObject = 04E09464267A06B500A69956 /* Project object */;
}
