// !$*UTF8*$!
{
	archiveVersion = 1;
	classes = {
	};
	objectVersion = 51;
	objects = {

/* Begin PBXBuildFile section */
		0405AA59269D77A5004AC07A /* CMtime+StringDuration.swift in Sources */ = {isa = PBXBuildFile; fileRef = 0405AA58269D77A5004AC07A /* CMtime+StringDuration.swift */; };
		0405AA5B269D9BD6004AC07A /* PreviewAVController.swift in Sources */ = {isa = PBXBuildFile; fileRef = 0405AA5A269D9BD6004AC07A /* PreviewAVController.swift */; };
		040E288826A98B0F0019F372 /* DeepCleaningViewController.swift in Sources */ = {isa = PBXBuildFile; fileRef = 040E288726A98B0F0019F372 /* DeepCleaningViewController.swift */; };
		040E288B26A98C790019F372 /* DeepClean.storyboard in Resources */ = {isa = PBXBuildFile; fileRef = 040E288A26A98C790019F372 /* DeepClean.storyboard */; };
		044281FC2692F95A00B6B47C /* DropDownMenuViewController.swift in Sources */ = {isa = PBXBuildFile; fileRef = 044281FB2692F95A00B6B47C /* DropDownMenuViewController.swift */; };
		044281FE2692F9B800B6B47C /* SelectDropDownMenuDelegate.swift in Sources */ = {isa = PBXBuildFile; fileRef = 044281FD2692F9B800B6B47C /* SelectDropDownMenuDelegate.swift */; };
		044282012693034600B6B47C /* DropDownMenuTableViewCell.swift in Sources */ = {isa = PBXBuildFile; fileRef = 044281FF2693034600B6B47C /* DropDownMenuTableViewCell.swift */; };
		044282022693034600B6B47C /* DropDownMenuTableViewCell.xib in Resources */ = {isa = PBXBuildFile; fileRef = 044282002693034600B6B47C /* DropDownMenuTableViewCell.xib */; };
		04428204269313AD00B6B47C /* DropDownMenuItems.swift in Sources */ = {isa = PBXBuildFile; fileRef = 04428203269313AD00B6B47C /* DropDownMenuItems.swift */; };
		04467CE0270D929D00DBBB39 /* HorizontalProgressBar.swift in Sources */ = {isa = PBXBuildFile; fileRef = 04467CDF270D929C00DBBB39 /* HorizontalProgressBar.swift */; };
		04467CE2270D9B1200DBBB39 /* DatePicker.storyboard in Resources */ = {isa = PBXBuildFile; fileRef = 04467CE1270D9B1200DBBB39 /* DatePicker.storyboard */; };
		04467CE4270DA3A000DBBB39 /* DateSelectebleView.swift in Sources */ = {isa = PBXBuildFile; fileRef = 04467CE3270DA3A000DBBB39 /* DateSelectebleView.swift */; };
		04467CE6270DA3B200DBBB39 /* DateSelectebleView.xib in Resources */ = {isa = PBXBuildFile; fileRef = 04467CE5270DA3B200DBBB39 /* DateSelectebleView.xib */; };
		0447A68926B2A1E20074919B /* ConcurentPhotoProcessOperation.swift in Sources */ = {isa = PBXBuildFile; fileRef = 0447A68826B2A1E20074919B /* ConcurentPhotoProcessOperation.swift */; };
		0447A68B26B2A3C30074919B /* OperationPhotoProcessingQueuer.swift in Sources */ = {isa = PBXBuildFile; fileRef = 0447A68A26B2A3C30074919B /* OperationPhotoProcessingQueuer.swift */; };
		044A6FB9270F1B1000CF0D17 /* CircleProgressBar.swift in Sources */ = {isa = PBXBuildFile; fileRef = 044A6FB8270F1B0F00CF0D17 /* CircleProgressBar.swift */; };
		044A6FBB270F1B5300CF0D17 /* CGfloat+RemoveDecimals.swift in Sources */ = {isa = PBXBuildFile; fileRef = 044A6FBA270F1B5300CF0D17 /* CGfloat+RemoveDecimals.swift */; };
		044A6FBD270F1B9B00CF0D17 /* Sequence+GetSum.swift in Sources */ = {isa = PBXBuildFile; fileRef = 044A6FBC270F1B9B00CF0D17 /* Sequence+GetSum.swift */; };
		0459DF8B26A55F360085EEDF /* CarouselCollectionViewCell.swift in Sources */ = {isa = PBXBuildFile; fileRef = 0459DF8A26A55F360085EEDF /* CarouselCollectionViewCell.swift */; };
		0459DF9226A56DB20085EEDF /* PhotoPreviewViewController.swift in Sources */ = {isa = PBXBuildFile; fileRef = 0459DF9026A56DB20085EEDF /* PhotoPreviewViewController.swift */; };
		0459DF9326A56DB20085EEDF /* CarouselItemView.xib in Resources */ = {isa = PBXBuildFile; fileRef = 0459DF9126A56DB20085EEDF /* CarouselItemView.xib */; };
		0459DF9526A579950085EEDF /* CarouselPhotoFlowLayout.swift in Sources */ = {isa = PBXBuildFile; fileRef = 0459DF9426A579950085EEDF /* CarouselPhotoFlowLayout.swift */; };
		0459DF9926A6C5E50085EEDF /* celBlock51area.swift in Sources */ = {isa = PBXBuildFile; fileRef = 0459DF9826A6C5E50085EEDF /* celBlock51area.swift */; };
		0459DF9B26A6CDCC0085EEDF /* PHCachingImageManager+RequestExtension.swift in Sources */ = {isa = PBXBuildFile; fileRef = 0459DF9A26A6CDCC0085EEDF /* PHCachingImageManager+RequestExtension.swift */; };
		0459DF9D26A6F40F0085EEDF /* PhotoPreviewDataSource.swift in Sources */ = {isa = PBXBuildFile; fileRef = 0459DF9C26A6F40F0085EEDF /* PhotoPreviewDataSource.swift */; };
		0459DF9F26A702AF0085EEDF /* PhotoViewController.swift in Sources */ = {isa = PBXBuildFile; fileRef = 0459DF9E26A702AF0085EEDF /* PhotoViewController.swift */; };
		04649B24268B2F3900336FE4 /* UpdatingChangesInOpenedScreensListeners.swift in Sources */ = {isa = PBXBuildFile; fileRef = 04649B23268B2F3900336FE4 /* UpdatingChangesInOpenedScreensListeners.swift */; };
		04649B28268B2F7300336FE4 /* UpdatingChangesInOpenedScreensMediator.swift in Sources */ = {isa = PBXBuildFile; fileRef = 04649B27268B2F7300336FE4 /* UpdatingChangesInOpenedScreensMediator.swift */; };
		04649B31268C507F00336FE4 /* GroupedAssetsReusableHeaderView.swift in Sources */ = {isa = PBXBuildFile; fileRef = 04649B2F268C507F00336FE4 /* GroupedAssetsReusableHeaderView.swift */; };
		04649B32268C507F00336FE4 /* GroupedAssetsReusableHeaderView.xib in Resources */ = {isa = PBXBuildFile; fileRef = 04649B30268C507F00336FE4 /* GroupedAssetsReusableHeaderView.xib */; };
		04649B35268C52B100336FE4 /* GroupedAssetsReusableFooterView.swift in Sources */ = {isa = PBXBuildFile; fileRef = 04649B33268C52B100336FE4 /* GroupedAssetsReusableFooterView.swift */; };
		04649B36268C52B100336FE4 /* GroupedAssetsReusableFooterView.xib in Resources */ = {isa = PBXBuildFile; fileRef = 04649B34268C52B100336FE4 /* GroupedAssetsReusableFooterView.xib */; };
		04649B3A268C6FEC00336FE4 /* Array+Extension.swift in Sources */ = {isa = PBXBuildFile; fileRef = 04649B39268C6FEC00336FE4 /* Array+Extension.swift */; };
		04649B3C268C98A900336FE4 /* UIButton+RemoveAnimation.swift in Sources */ = {isa = PBXBuildFile; fileRef = 04649B3B268C98A900336FE4 /* UIButton+RemoveAnimation.swift */; };
		04649B3E268DDDE700336FE4 /* UICollectionView+SelectAll.swift in Sources */ = {isa = PBXBuildFile; fileRef = 04649B3D268DDDE600336FE4 /* UICollectionView+SelectAll.swift */; };
		047DE61926AAA53100733CD5 /* DeepCleanInfoTableViewCell.swift in Sources */ = {isa = PBXBuildFile; fileRef = 047DE61726AAA53100733CD5 /* DeepCleanInfoTableViewCell.swift */; };
		047DE61A26AAA53100733CD5 /* DeepCleanInfoTableViewCell.xib in Resources */ = {isa = PBXBuildFile; fileRef = 047DE61826AAA53100733CD5 /* DeepCleanInfoTableViewCell.xib */; };
		047DE61C26AAD5F000733CD5 /* DeepCleanManager.swift in Sources */ = {isa = PBXBuildFile; fileRef = 047DE61B26AAD5F000733CD5 /* DeepCleanManager.swift */; };
		048D65C726B13EA3004F0ADC /* DeepCleanNotificationManager.swift in Sources */ = {isa = PBXBuildFile; fileRef = 048D65C626B13EA3004F0ADC /* DeepCleanNotificationManager.swift */; };
		048D65C926B171E5004F0ADC /* PlainProgressview.swift in Sources */ = {isa = PBXBuildFile; fileRef = 048D65C826B171E5004F0ADC /* PlainProgressview.swift */; };
		049CC215268221D40002F988 /* AdvertisementViewController.swift in Sources */ = {isa = PBXBuildFile; fileRef = 049CC214268221D40002F988 /* AdvertisementViewController.swift */; };
		049CC217268221DE0002F988 /* MainViewController.swift in Sources */ = {isa = PBXBuildFile; fileRef = 049CC216268221DE0002F988 /* MainViewController.swift */; };
		049CC219268225500002F988 /* Colors.swift in Sources */ = {isa = PBXBuildFile; fileRef = 049CC218268225500002F988 /* Colors.swift */; };
		049CC21B268225E60002F988 /* SettingsManager.swift in Sources */ = {isa = PBXBuildFile; fileRef = 049CC21A268225E60002F988 /* SettingsManager.swift */; };
		049CC21D268225F80002F988 /* ThemeManager.swift in Sources */ = {isa = PBXBuildFile; fileRef = 049CC21C268225F80002F988 /* ThemeManager.swift */; };
		049CC21F268312950002F988 /* UpdateColorsProtocolol.swift in Sources */ = {isa = PBXBuildFile; fileRef = 049CC21E268312950002F988 /* UpdateColorsProtocolol.swift */; };
		049CC221268314690002F988 /* NotificationManager.swift in Sources */ = {isa = PBXBuildFile; fileRef = 049CC220268314690002F988 /* NotificationManager.swift */; };
		049CC22426831B800002F988 /* UIColor+Hex.swift in Sources */ = {isa = PBXBuildFile; fileRef = 049CC22326831B800002F988 /* UIColor+Hex.swift */; };
		049CC22A26831D630002F988 /* Images.swift in Sources */ = {isa = PBXBuildFile; fileRef = 049CC22926831D630002F988 /* Images.swift */; };
		049CC22F268337310002F988 /* MediaTypeCollectionViewCell.swift in Sources */ = {isa = PBXBuildFile; fileRef = 049CC22D268337310002F988 /* MediaTypeCollectionViewCell.swift */; };
		049CC230268337310002F988 /* MediaTypeCollectionViewCell.xib in Resources */ = {isa = PBXBuildFile; fileRef = 049CC22E268337310002F988 /* MediaTypeCollectionViewCell.xib */; };
		049CC23426833D320002F988 /* UIView+Radius.swift in Sources */ = {isa = PBXBuildFile; fileRef = 049CC23326833D320002F988 /* UIView+Radius.swift */; };
		049CC2372683730A0002F988 /* BaseCollectionFlowLayout.swift in Sources */ = {isa = PBXBuildFile; fileRef = 049CC2362683730A0002F988 /* BaseCollectionFlowLayout.swift */; };
		049CC23A2683761B0002F988 /* String+ConvertInteger.swift in Sources */ = {isa = PBXBuildFile; fileRef = 049CC2392683761B0002F988 /* String+ConvertInteger.swift */; };
		04B20F02269C4F6A00C6BC14 /* AssetContextPreviewViewController.swift in Sources */ = {isa = PBXBuildFile; fileRef = 04B20F01269C4F6A00C6BC14 /* AssetContextPreviewViewController.swift */; };
		04CACE1E26A7FF62006489FA /* CarouselItemView.swift in Sources */ = {isa = PBXBuildFile; fileRef = 04CACE1D26A7FF62006489FA /* CarouselItemView.swift */; };
		04CACE2026A827CA006489FA /* PhotoOperationQueue.swift in Sources */ = {isa = PBXBuildFile; fileRef = 04CACE1F26A827CA006489FA /* PhotoOperationQueue.swift */; };
		04CF00002685F0C3000CA850 /* ContentTypeTableViewCell.swift in Sources */ = {isa = PBXBuildFile; fileRef = 04CFFFFE2685F0C3000CA850 /* ContentTypeTableViewCell.swift */; };
		04CF00012685F0C3000CA850 /* ContentTypeTableViewCell.xib in Resources */ = {isa = PBXBuildFile; fileRef = 04CFFFFF2685F0C3000CA850 /* ContentTypeTableViewCell.xib */; };
		04CF0003268602DE000CA850 /* MediaContentType.swift in Sources */ = {isa = PBXBuildFile; fileRef = 04CF0002268602DE000CA850 /* MediaContentType.swift */; };
		04CFFFE726846A23000CA850 /* Device.swift in Sources */ = {isa = PBXBuildFile; fileRef = 04CFFFE626846A23000CA850 /* Device.swift */; };
		04CFFFE926846A38000CA850 /* Screen.swift in Sources */ = {isa = PBXBuildFile; fileRef = 04CFFFE826846A38000CA850 /* Screen.swift */; };
		04CFFFEC2684725F000CA850 /* Device+DiskSpace.swift in Sources */ = {isa = PBXBuildFile; fileRef = 04CFFFEB2684725F000CA850 /* Device+DiskSpace.swift */; };
		04CFFFEF268479CE000CA850 /* CircleProgressView.swift in Sources */ = {isa = PBXBuildFile; fileRef = 04CFFFEE268479CE000CA850 /* CircleProgressView.swift */; };
		04CFFFF22684B1ED000CA850 /* String+Extension.swift in Sources */ = {isa = PBXBuildFile; fileRef = 04CFFFF12684B1ED000CA850 /* String+Extension.swift */; };
		04CFFFF42684B23D000CA850 /* String+Whitespaces.swift in Sources */ = {isa = PBXBuildFile; fileRef = 04CFFFF32684B23D000CA850 /* String+Whitespaces.swift */; };
		04CFFFF72685BEAD000CA850 /* MediaContent.storyboard in Resources */ = {isa = PBXBuildFile; fileRef = 04CFFFF62685BEAD000CA850 /* MediaContent.storyboard */; };
		04CFFFF92685BF01000CA850 /* MediaContentViewController.swift in Sources */ = {isa = PBXBuildFile; fileRef = 04CFFFF82685BF01000CA850 /* MediaContentViewController.swift */; };
		04CFFFFB2685E546000CA850 /* UIView+SelectedCornerRadius.swift in Sources */ = {isa = PBXBuildFile; fileRef = 04CFFFFA2685E546000CA850 /* UIView+SelectedCornerRadius.swift */; };
		04CFFFFD2685E571000CA850 /* UIView+Borders.swift in Sources */ = {isa = PBXBuildFile; fileRef = 04CFFFFC2685E571000CA850 /* UIView+Borders.swift */; };
		04E09470267A06B500A69956 /* AppDelegate.swift in Sources */ = {isa = PBXBuildFile; fileRef = 04E0946F267A06B500A69956 /* AppDelegate.swift */; };
		04E09472267A06B500A69956 /* SceneDelegate.swift in Sources */ = {isa = PBXBuildFile; fileRef = 04E09471267A06B500A69956 /* SceneDelegate.swift */; };
		04E09477267A06B500A69956 /* Main.storyboard in Resources */ = {isa = PBXBuildFile; fileRef = 04E09475267A06B500A69956 /* Main.storyboard */; };
		04E09479267A06B900A69956 /* Assets.xcassets in Resources */ = {isa = PBXBuildFile; fileRef = 04E09478267A06B900A69956 /* Assets.xcassets */; };
		04E0947C267A06B900A69956 /* LaunchScreen.storyboard in Resources */ = {isa = PBXBuildFile; fileRef = 04E0947A267A06B900A69956 /* LaunchScreen.storyboard */; };
		04E5836F267A47FB00EDC3A3 /* Utils.swift in Sources */ = {isa = PBXBuildFile; fileRef = 04E5836E267A47FB00EDC3A3 /* Utils.swift */; };
		04E58371267A4A0A00EDC3A3 /* UIDevice+Model.swift in Sources */ = {isa = PBXBuildFile; fileRef = 04E58370267A4A0A00EDC3A3 /* UIDevice+Model.swift */; };
		04E58373267A4A2000EDC3A3 /* UIDevice+Enviroment.swift in Sources */ = {isa = PBXBuildFile; fileRef = 04E58372267A4A2000EDC3A3 /* UIDevice+Enviroment.swift */; };
		04E58377267B323E00EDC3A3 /* Constants.swift in Sources */ = {isa = PBXBuildFile; fileRef = 04E58376267B323E00EDC3A3 /* Constants.swift */; };
		04E58379267B39AD00EDC3A3 /* PHPhotoLibrary+Auth.swift in Sources */ = {isa = PBXBuildFile; fileRef = 04E58378267B39AD00EDC3A3 /* PHPhotoLibrary+Auth.swift */; };
		04E5837C267B3E2A00EDC3A3 /* PhotoManager.swift in Sources */ = {isa = PBXBuildFile; fileRef = 04E5837B267B3E2A00EDC3A3 /* PhotoManager.swift */; };
		04E5837E267B60F600EDC3A3 /* AlertManager.swift in Sources */ = {isa = PBXBuildFile; fileRef = 04E5837D267B60F600EDC3A3 /* AlertManager.swift */; };
		04E58380267B9F6B00EDC3A3 /* PhassetFetchManager.swift in Sources */ = {isa = PBXBuildFile; fileRef = 04E5837F267B9F6B00EDC3A3 /* PhassetFetchManager.swift */; };
		04EE29FB269891F30013837D /* PHasset+Thumbnail.swift in Sources */ = {isa = PBXBuildFile; fileRef = 04EE29FA269891F30013837D /* PHasset+Thumbnail.swift */; };
		2001A0C2915698B9A225961C /* Pods_ECleaner.framework in Frameworks */ = {isa = PBXBuildFile; fileRef = E6C6CFFC143ABD3817A81249 /* Pods_ECleaner.framework */; };
		4F4A17A4271D73E900CAF157 /* Font.swift in Sources */ = {isa = PBXBuildFile; fileRef = 4F4A17A3271D73E900CAF157 /* Font.swift */; };
		4F4A17A6271D743600CAF157 /* FontRepresentable.swift in Sources */ = {isa = PBXBuildFile; fileRef = 4F4A17A5271D743600CAF157 /* FontRepresentable.swift */; };
		4F4A17A8271D745300CAF157 /* UIFont+Extension.swift in Sources */ = {isa = PBXBuildFile; fileRef = 4F4A17A7271D745300CAF157 /* UIFont+Extension.swift */; };
		4F4A17B9271D812400CAF157 /* CustomNavigationBar.xib in Resources */ = {isa = PBXBuildFile; fileRef = 4F4A17B8271D812400CAF157 /* CustomNavigationBar.xib */; };
		4F4A17BB271D819F00CAF157 /* CustomNavigationBar.swift in Sources */ = {isa = PBXBuildFile; fileRef = 4F4A17BA271D819F00CAF157 /* CustomNavigationBar.swift */; };
		4F56071C271DC6C800CA19E9 /* Localizable.strings in Resources */ = {isa = PBXBuildFile; fileRef = 4F56071E271DC6C800CA19E9 /* Localizable.strings */; };
		4F560722271FF81F00CA19E9 /* ShadowView.swift in Sources */ = {isa = PBXBuildFile; fileRef = 4F560721271FF81F00CA19E9 /* ShadowView.swift */; };
		4F56073A27205AF300CA19E9 /* GradientCircularProgress.swift in Sources */ = {isa = PBXBuildFile; fileRef = 4F56072427205AF100CA19E9 /* GradientCircularProgress.swift */; };
		4F56073B27205AF300CA19E9 /* Property.swift in Sources */ = {isa = PBXBuildFile; fileRef = 4F56072627205AF200CA19E9 /* Property.swift */; };
		4F56073C27205AF300CA19E9 /* CircularProgressView.swift in Sources */ = {isa = PBXBuildFile; fileRef = 4F56072827205AF200CA19E9 /* CircularProgressView.swift */; };
		4F56073D27205AF300CA19E9 /* ProgressAtRatioView.swift in Sources */ = {isa = PBXBuildFile; fileRef = 4F56072927205AF200CA19E9 /* ProgressAtRatioView.swift */; };
		4F56073E27205AF300CA19E9 /* ProgressView.swift in Sources */ = {isa = PBXBuildFile; fileRef = 4F56072A27205AF200CA19E9 /* ProgressView.swift */; };
		4F56073F27205AF300CA19E9 /* GradientArcView.swift in Sources */ = {isa = PBXBuildFile; fileRef = 4F56072C27205AF200CA19E9 /* GradientArcView.swift */; };
		4F56074027205AF300CA19E9 /* ArcView.swift in Sources */ = {isa = PBXBuildFile; fileRef = 4F56072D27205AF200CA19E9 /* ArcView.swift */; };
		4F56074127205AF300CA19E9 /* Background.swift in Sources */ = {isa = PBXBuildFile; fileRef = 4F56072E27205AF200CA19E9 /* Background.swift */; };
		4F56074227205AF300CA19E9 /* WindowBuilder.swift in Sources */ = {isa = PBXBuildFile; fileRef = 4F56072F27205AF200CA19E9 /* WindowBuilder.swift */; };
		4F56074327205AF300CA19E9 /* GradientArcWithClearColorView.swift in Sources */ = {isa = PBXBuildFile; fileRef = 4F56073027205AF200CA19E9 /* GradientArcWithClearColorView.swift */; };
		4F56074427205AF300CA19E9 /* ProgressViewController.swift in Sources */ = {isa = PBXBuildFile; fileRef = 4F56073127205AF200CA19E9 /* ProgressViewController.swift */; };
		4F56074527205AF300CA19E9 /* GreenLightStyle.swift in Sources */ = {isa = PBXBuildFile; fileRef = 4F56073327205AF200CA19E9 /* GreenLightStyle.swift */; };
		4F56074627205AF300CA19E9 /* BlueIndicatorStyle.swift in Sources */ = {isa = PBXBuildFile; fileRef = 4F56073427205AF200CA19E9 /* BlueIndicatorStyle.swift */; };
		4F56074727205AF300CA19E9 /* BlueDarkStyle.swift in Sources */ = {isa = PBXBuildFile; fileRef = 4F56073527205AF200CA19E9 /* BlueDarkStyle.swift */; };
		4F56074827205AF300CA19E9 /* OrangeClearStyle.swift in Sources */ = {isa = PBXBuildFile; fileRef = 4F56073627205AF200CA19E9 /* OrangeClearStyle.swift */; };
		4F56074927205AF300CA19E9 /* Style.swift in Sources */ = {isa = PBXBuildFile; fileRef = 4F56073727205AF200CA19E9 /* Style.swift */; };
		4F56074A27205AF300CA19E9 /* ColorUtil.swift in Sources */ = {isa = PBXBuildFile; fileRef = 4F56073927205AF300CA19E9 /* ColorUtil.swift */; };
		97238A072689BD8000C523DC /* PhotoMediaType.swift in Sources */ = {isa = PBXBuildFile; fileRef = 97238A062689BD8000C523DC /* PhotoMediaType.swift */; };
		97238A092689D01E00C523DC /* GroupedAssetListViewController.swift in Sources */ = {isa = PBXBuildFile; fileRef = 97238A082689D01E00C523DC /* GroupedAssetListViewController.swift */; };
		97238A0B2689EDD200C523DC /* Toast.swift in Sources */ = {isa = PBXBuildFile; fileRef = 97238A0A2689EDD200C523DC /* Toast.swift */; };
		97238A0D2689EDFF00C523DC /* CustomActivityIndicator.swift in Sources */ = {isa = PBXBuildFile; fileRef = 97238A0C2689EDFF00C523DC /* CustomActivityIndicator.swift */; };
		97238A0F2689EE2700C523DC /* CustomDoneHud.swift in Sources */ = {isa = PBXBuildFile; fileRef = 97238A0E2689EE2700C523DC /* CustomDoneHud.swift */; };
		97238A112689EECE00C523DC /* UIView+BlurView.swift in Sources */ = {isa = PBXBuildFile; fileRef = 97238A102689EECE00C523DC /* UIView+BlurView.swift */; };
		97238A132689EF6E00C523DC /* Presenter.swift in Sources */ = {isa = PBXBuildFile; fileRef = 97238A122689EF6E00C523DC /* Presenter.swift */; };
		97CC2F382683CF740072EF8C /* UpdateContentDataBaseMediator.swift in Sources */ = {isa = PBXBuildFile; fileRef = 97CC2F372683CF740072EF8C /* UpdateContentDataBaseMediator.swift */; };
		97CC2F3A2683D00F0072EF8C /* UpdateContentDataBaseListener.swift in Sources */ = {isa = PBXBuildFile; fileRef = 97CC2F392683D00F0072EF8C /* UpdateContentDataBaseListener.swift */; };
		97CC2F3C26873A7D0072EF8C /* DateSelectorViewController.swift in Sources */ = {isa = PBXBuildFile; fileRef = 97CC2F3B26873A7D0072EF8C /* DateSelectorViewController.swift */; };
		97CC2F3E268743A80072EF8C /* SegueManager.swift in Sources */ = {isa = PBXBuildFile; fileRef = 97CC2F3D268743A80072EF8C /* SegueManager.swift */; };
		97CC2F40268749CF0072EF8C /* UIButton+ImageAlign.swift in Sources */ = {isa = PBXBuildFile; fileRef = 97CC2F3F268749CF0072EF8C /* UIButton+ImageAlign.swift */; };
		97D0BABD2680AD6E0067A3A6 /* String+NSDate.swift in Sources */ = {isa = PBXBuildFile; fileRef = 97D0BABC2680AD6E0067A3A6 /* String+NSDate.swift */; };
		97E54A86268BB16A00C7FD54 /* SNCollectionViewLayout.swift in Sources */ = {isa = PBXBuildFile; fileRef = 97E54A85268BB16A00C7FD54 /* SNCollectionViewLayout.swift */; };
		97FC789226888120000D7F26 /* Date+CurrentDate.swift in Sources */ = {isa = PBXBuildFile; fileRef = 97FC789126888120000D7F26 /* Date+CurrentDate.swift */; };
		97FC7894268882C9000D7F26 /* Date+DateFormatter.swift in Sources */ = {isa = PBXBuildFile; fileRef = 97FC7893268882C9000D7F26 /* Date+DateFormatter.swift */; };
		97FC789626889541000D7F26 /* TimeIInterval.swift in Sources */ = {isa = PBXBuildFile; fileRef = 97FC789526889541000D7F26 /* TimeIInterval.swift */; };
		97FC78982688CC06000D7F26 /* SimpleAssetsListViewController.swift in Sources */ = {isa = PBXBuildFile; fileRef = 97FC78972688CC06000D7F26 /* SimpleAssetsListViewController.swift */; };
		97FC789A2688D907000D7F26 /* SimpleColumnFlowLayout.swift in Sources */ = {isa = PBXBuildFile; fileRef = 97FC78992688D907000D7F26 /* SimpleColumnFlowLayout.swift */; };
		97FC78A12688E5E8000D7F26 /* PhotoCollectionViewCell.swift in Sources */ = {isa = PBXBuildFile; fileRef = 97FC789F2688E5E8000D7F26 /* PhotoCollectionViewCell.swift */; };
		97FC78A22688E5E8000D7F26 /* PhotoCollectionViewCell.xib in Resources */ = {isa = PBXBuildFile; fileRef = 97FC78A02688E5E8000D7F26 /* PhotoCollectionViewCell.xib */; };
/* End PBXBuildFile section */

/* Begin PBXFileReference section */
		0405AA58269D77A5004AC07A /* CMtime+StringDuration.swift */ = {isa = PBXFileReference; lastKnownFileType = sourcecode.swift; path = "CMtime+StringDuration.swift"; sourceTree = "<group>"; };
		0405AA5A269D9BD6004AC07A /* PreviewAVController.swift */ = {isa = PBXFileReference; lastKnownFileType = sourcecode.swift; path = PreviewAVController.swift; sourceTree = "<group>"; };
		040E288726A98B0F0019F372 /* DeepCleaningViewController.swift */ = {isa = PBXFileReference; indentWidth = 5; lastKnownFileType = sourcecode.swift; path = DeepCleaningViewController.swift; sourceTree = "<group>"; };
		040E288A26A98C790019F372 /* DeepClean.storyboard */ = {isa = PBXFileReference; lastKnownFileType = file.storyboard; path = DeepClean.storyboard; sourceTree = "<group>"; };
		044281FB2692F95A00B6B47C /* DropDownMenuViewController.swift */ = {isa = PBXFileReference; lastKnownFileType = sourcecode.swift; path = DropDownMenuViewController.swift; sourceTree = "<group>"; };
		044281FD2692F9B800B6B47C /* SelectDropDownMenuDelegate.swift */ = {isa = PBXFileReference; lastKnownFileType = sourcecode.swift; path = SelectDropDownMenuDelegate.swift; sourceTree = "<group>"; };
		044281FF2693034600B6B47C /* DropDownMenuTableViewCell.swift */ = {isa = PBXFileReference; lastKnownFileType = sourcecode.swift; path = DropDownMenuTableViewCell.swift; sourceTree = "<group>"; };
		044282002693034600B6B47C /* DropDownMenuTableViewCell.xib */ = {isa = PBXFileReference; lastKnownFileType = file.xib; path = DropDownMenuTableViewCell.xib; sourceTree = "<group>"; };
		04428203269313AD00B6B47C /* DropDownMenuItems.swift */ = {isa = PBXFileReference; lastKnownFileType = sourcecode.swift; path = DropDownMenuItems.swift; sourceTree = "<group>"; };
		04467CDF270D929C00DBBB39 /* HorizontalProgressBar.swift */ = {isa = PBXFileReference; lastKnownFileType = sourcecode.swift; path = HorizontalProgressBar.swift; sourceTree = "<group>"; };
		04467CE1270D9B1200DBBB39 /* DatePicker.storyboard */ = {isa = PBXFileReference; lastKnownFileType = file.storyboard; path = DatePicker.storyboard; sourceTree = "<group>"; };
		04467CE3270DA3A000DBBB39 /* DateSelectebleView.swift */ = {isa = PBXFileReference; lastKnownFileType = sourcecode.swift; path = DateSelectebleView.swift; sourceTree = "<group>"; };
		04467CE5270DA3B200DBBB39 /* DateSelectebleView.xib */ = {isa = PBXFileReference; lastKnownFileType = file.xib; path = DateSelectebleView.xib; sourceTree = "<group>"; };
		0447A68826B2A1E20074919B /* ConcurentPhotoProcessOperation.swift */ = {isa = PBXFileReference; lastKnownFileType = sourcecode.swift; path = ConcurentPhotoProcessOperation.swift; sourceTree = "<group>"; };
		0447A68A26B2A3C30074919B /* OperationPhotoProcessingQueuer.swift */ = {isa = PBXFileReference; lastKnownFileType = sourcecode.swift; path = OperationPhotoProcessingQueuer.swift; sourceTree = "<group>"; };
		044A6FB8270F1B0F00CF0D17 /* CircleProgressBar.swift */ = {isa = PBXFileReference; lastKnownFileType = sourcecode.swift; path = CircleProgressBar.swift; sourceTree = "<group>"; };
		044A6FBA270F1B5300CF0D17 /* CGfloat+RemoveDecimals.swift */ = {isa = PBXFileReference; lastKnownFileType = sourcecode.swift; path = "CGfloat+RemoveDecimals.swift"; sourceTree = "<group>"; };
		044A6FBC270F1B9B00CF0D17 /* Sequence+GetSum.swift */ = {isa = PBXFileReference; lastKnownFileType = sourcecode.swift; path = "Sequence+GetSum.swift"; sourceTree = "<group>"; };
		0459DF8A26A55F360085EEDF /* CarouselCollectionViewCell.swift */ = {isa = PBXFileReference; lastKnownFileType = sourcecode.swift; path = CarouselCollectionViewCell.swift; sourceTree = "<group>"; };
		0459DF9026A56DB20085EEDF /* PhotoPreviewViewController.swift */ = {isa = PBXFileReference; lastKnownFileType = sourcecode.swift; path = PhotoPreviewViewController.swift; sourceTree = "<group>"; };
		0459DF9126A56DB20085EEDF /* CarouselItemView.xib */ = {isa = PBXFileReference; lastKnownFileType = file.xib; path = CarouselItemView.xib; sourceTree = "<group>"; };
		0459DF9426A579950085EEDF /* CarouselPhotoFlowLayout.swift */ = {isa = PBXFileReference; lastKnownFileType = sourcecode.swift; path = CarouselPhotoFlowLayout.swift; sourceTree = "<group>"; };
		0459DF9826A6C5E50085EEDF /* celBlock51area.swift */ = {isa = PBXFileReference; lastKnownFileType = sourcecode.swift; path = celBlock51area.swift; sourceTree = "<group>"; };
		0459DF9A26A6CDCC0085EEDF /* PHCachingImageManager+RequestExtension.swift */ = {isa = PBXFileReference; lastKnownFileType = sourcecode.swift; path = "PHCachingImageManager+RequestExtension.swift"; sourceTree = "<group>"; };
		0459DF9C26A6F40F0085EEDF /* PhotoPreviewDataSource.swift */ = {isa = PBXFileReference; lastKnownFileType = sourcecode.swift; path = PhotoPreviewDataSource.swift; sourceTree = "<group>"; };
		0459DF9E26A702AF0085EEDF /* PhotoViewController.swift */ = {isa = PBXFileReference; lastKnownFileType = sourcecode.swift; path = PhotoViewController.swift; sourceTree = "<group>"; };
		04649B23268B2F3900336FE4 /* UpdatingChangesInOpenedScreensListeners.swift */ = {isa = PBXFileReference; lastKnownFileType = sourcecode.swift; path = UpdatingChangesInOpenedScreensListeners.swift; sourceTree = "<group>"; };
		04649B27268B2F7300336FE4 /* UpdatingChangesInOpenedScreensMediator.swift */ = {isa = PBXFileReference; lastKnownFileType = sourcecode.swift; path = UpdatingChangesInOpenedScreensMediator.swift; sourceTree = "<group>"; };
		04649B2F268C507F00336FE4 /* GroupedAssetsReusableHeaderView.swift */ = {isa = PBXFileReference; lastKnownFileType = sourcecode.swift; path = GroupedAssetsReusableHeaderView.swift; sourceTree = "<group>"; };
		04649B30268C507F00336FE4 /* GroupedAssetsReusableHeaderView.xib */ = {isa = PBXFileReference; lastKnownFileType = file.xib; path = GroupedAssetsReusableHeaderView.xib; sourceTree = "<group>"; };
		04649B33268C52B100336FE4 /* GroupedAssetsReusableFooterView.swift */ = {isa = PBXFileReference; lastKnownFileType = sourcecode.swift; path = GroupedAssetsReusableFooterView.swift; sourceTree = "<group>"; };
		04649B34268C52B100336FE4 /* GroupedAssetsReusableFooterView.xib */ = {isa = PBXFileReference; lastKnownFileType = file.xib; path = GroupedAssetsReusableFooterView.xib; sourceTree = "<group>"; };
		04649B39268C6FEC00336FE4 /* Array+Extension.swift */ = {isa = PBXFileReference; lastKnownFileType = sourcecode.swift; path = "Array+Extension.swift"; sourceTree = "<group>"; };
		04649B3B268C98A900336FE4 /* UIButton+RemoveAnimation.swift */ = {isa = PBXFileReference; lastKnownFileType = sourcecode.swift; path = "UIButton+RemoveAnimation.swift"; sourceTree = "<group>"; };
		04649B3D268DDDE600336FE4 /* UICollectionView+SelectAll.swift */ = {isa = PBXFileReference; lastKnownFileType = sourcecode.swift; path = "UICollectionView+SelectAll.swift"; sourceTree = "<group>"; };
		047DE61726AAA53100733CD5 /* DeepCleanInfoTableViewCell.swift */ = {isa = PBXFileReference; lastKnownFileType = sourcecode.swift; path = DeepCleanInfoTableViewCell.swift; sourceTree = "<group>"; };
		047DE61826AAA53100733CD5 /* DeepCleanInfoTableViewCell.xib */ = {isa = PBXFileReference; lastKnownFileType = file.xib; path = DeepCleanInfoTableViewCell.xib; sourceTree = "<group>"; };
		047DE61B26AAD5F000733CD5 /* DeepCleanManager.swift */ = {isa = PBXFileReference; lastKnownFileType = sourcecode.swift; path = DeepCleanManager.swift; sourceTree = "<group>"; };
		048D65C626B13EA3004F0ADC /* DeepCleanNotificationManager.swift */ = {isa = PBXFileReference; lastKnownFileType = sourcecode.swift; path = DeepCleanNotificationManager.swift; sourceTree = "<group>"; };
		048D65C826B171E5004F0ADC /* PlainProgressview.swift */ = {isa = PBXFileReference; lastKnownFileType = sourcecode.swift; path = PlainProgressview.swift; sourceTree = "<group>"; };
		049CC214268221D40002F988 /* AdvertisementViewController.swift */ = {isa = PBXFileReference; lastKnownFileType = sourcecode.swift; path = AdvertisementViewController.swift; sourceTree = "<group>"; };
		049CC216268221DE0002F988 /* MainViewController.swift */ = {isa = PBXFileReference; lastKnownFileType = sourcecode.swift; path = MainViewController.swift; sourceTree = "<group>"; };
		049CC218268225500002F988 /* Colors.swift */ = {isa = PBXFileReference; lastKnownFileType = sourcecode.swift; path = Colors.swift; sourceTree = "<group>"; };
		049CC21A268225E60002F988 /* SettingsManager.swift */ = {isa = PBXFileReference; lastKnownFileType = sourcecode.swift; path = SettingsManager.swift; sourceTree = "<group>"; };
		049CC21C268225F80002F988 /* ThemeManager.swift */ = {isa = PBXFileReference; lastKnownFileType = sourcecode.swift; path = ThemeManager.swift; sourceTree = "<group>"; };
		049CC21E268312950002F988 /* UpdateColorsProtocolol.swift */ = {isa = PBXFileReference; lastKnownFileType = sourcecode.swift; path = UpdateColorsProtocolol.swift; sourceTree = "<group>"; };
		049CC220268314690002F988 /* NotificationManager.swift */ = {isa = PBXFileReference; lastKnownFileType = sourcecode.swift; path = NotificationManager.swift; sourceTree = "<group>"; };
		049CC22326831B800002F988 /* UIColor+Hex.swift */ = {isa = PBXFileReference; lastKnownFileType = sourcecode.swift; path = "UIColor+Hex.swift"; sourceTree = "<group>"; };
		049CC22926831D630002F988 /* Images.swift */ = {isa = PBXFileReference; lastKnownFileType = sourcecode.swift; path = Images.swift; sourceTree = "<group>"; };
		049CC22D268337310002F988 /* MediaTypeCollectionViewCell.swift */ = {isa = PBXFileReference; lastKnownFileType = sourcecode.swift; path = MediaTypeCollectionViewCell.swift; sourceTree = "<group>"; };
		049CC22E268337310002F988 /* MediaTypeCollectionViewCell.xib */ = {isa = PBXFileReference; lastKnownFileType = file.xib; path = MediaTypeCollectionViewCell.xib; sourceTree = "<group>"; };
		049CC23326833D320002F988 /* UIView+Radius.swift */ = {isa = PBXFileReference; lastKnownFileType = sourcecode.swift; path = "UIView+Radius.swift"; sourceTree = "<group>"; };
		049CC2362683730A0002F988 /* BaseCollectionFlowLayout.swift */ = {isa = PBXFileReference; lastKnownFileType = sourcecode.swift; path = BaseCollectionFlowLayout.swift; sourceTree = "<group>"; };
		049CC2392683761B0002F988 /* String+ConvertInteger.swift */ = {isa = PBXFileReference; lastKnownFileType = sourcecode.swift; path = "String+ConvertInteger.swift"; sourceTree = "<group>"; };
		04B20F01269C4F6A00C6BC14 /* AssetContextPreviewViewController.swift */ = {isa = PBXFileReference; lastKnownFileType = sourcecode.swift; path = AssetContextPreviewViewController.swift; sourceTree = "<group>"; };
		04CACE1D26A7FF62006489FA /* CarouselItemView.swift */ = {isa = PBXFileReference; lastKnownFileType = sourcecode.swift; path = CarouselItemView.swift; sourceTree = "<group>"; };
		04CACE1F26A827CA006489FA /* PhotoOperationQueue.swift */ = {isa = PBXFileReference; lastKnownFileType = sourcecode.swift; path = PhotoOperationQueue.swift; sourceTree = "<group>"; };
		04CF0002268602DE000CA850 /* MediaContentType.swift */ = {isa = PBXFileReference; lastKnownFileType = sourcecode.swift; path = MediaContentType.swift; sourceTree = "<group>"; };
		04CFFFE626846A23000CA850 /* Device.swift */ = {isa = PBXFileReference; lastKnownFileType = sourcecode.swift; path = Device.swift; sourceTree = "<group>"; };
		04CFFFE826846A38000CA850 /* Screen.swift */ = {isa = PBXFileReference; lastKnownFileType = sourcecode.swift; path = Screen.swift; sourceTree = "<group>"; };
		04CFFFEB2684725F000CA850 /* Device+DiskSpace.swift */ = {isa = PBXFileReference; lastKnownFileType = sourcecode.swift; path = "Device+DiskSpace.swift"; sourceTree = "<group>"; };
		04CFFFEE268479CE000CA850 /* CircleProgressView.swift */ = {isa = PBXFileReference; lastKnownFileType = sourcecode.swift; path = CircleProgressView.swift; sourceTree = "<group>"; };
		04CFFFF12684B1ED000CA850 /* String+Extension.swift */ = {isa = PBXFileReference; lastKnownFileType = sourcecode.swift; path = "String+Extension.swift"; sourceTree = "<group>"; };
		04CFFFF32684B23D000CA850 /* String+Whitespaces.swift */ = {isa = PBXFileReference; lastKnownFileType = sourcecode.swift; path = "String+Whitespaces.swift"; sourceTree = "<group>"; };
		04CFFFF62685BEAD000CA850 /* MediaContent.storyboard */ = {isa = PBXFileReference; lastKnownFileType = file.storyboard; path = MediaContent.storyboard; sourceTree = "<group>"; };
		04CFFFF82685BF01000CA850 /* MediaContentViewController.swift */ = {isa = PBXFileReference; lastKnownFileType = sourcecode.swift; path = MediaContentViewController.swift; sourceTree = "<group>"; };
		04CFFFFA2685E546000CA850 /* UIView+SelectedCornerRadius.swift */ = {isa = PBXFileReference; lastKnownFileType = sourcecode.swift; path = "UIView+SelectedCornerRadius.swift"; sourceTree = "<group>"; };
		04CFFFFC2685E571000CA850 /* UIView+Borders.swift */ = {isa = PBXFileReference; lastKnownFileType = sourcecode.swift; path = "UIView+Borders.swift"; sourceTree = "<group>"; };
		04CFFFFE2685F0C3000CA850 /* ContentTypeTableViewCell.swift */ = {isa = PBXFileReference; lastKnownFileType = sourcecode.swift; path = ContentTypeTableViewCell.swift; sourceTree = "<group>"; };
		04CFFFFF2685F0C3000CA850 /* ContentTypeTableViewCell.xib */ = {isa = PBXFileReference; lastKnownFileType = file.xib; path = ContentTypeTableViewCell.xib; sourceTree = "<group>"; };
		04E0946C267A06B500A69956 /* ECleaner.app */ = {isa = PBXFileReference; explicitFileType = wrapper.application; includeInIndex = 0; path = ECleaner.app; sourceTree = BUILT_PRODUCTS_DIR; };
		04E0946F267A06B500A69956 /* AppDelegate.swift */ = {isa = PBXFileReference; lastKnownFileType = sourcecode.swift; path = AppDelegate.swift; sourceTree = "<group>"; };
		04E09471267A06B500A69956 /* SceneDelegate.swift */ = {isa = PBXFileReference; lastKnownFileType = sourcecode.swift; path = SceneDelegate.swift; sourceTree = "<group>"; };
		04E09476267A06B500A69956 /* Base */ = {isa = PBXFileReference; lastKnownFileType = file.storyboard; name = Base; path = Base.lproj/Main.storyboard; sourceTree = "<group>"; };
		04E09478267A06B900A69956 /* Assets.xcassets */ = {isa = PBXFileReference; lastKnownFileType = folder.assetcatalog; path = Assets.xcassets; sourceTree = "<group>"; };
		04E0947B267A06B900A69956 /* Base */ = {isa = PBXFileReference; lastKnownFileType = file.storyboard; name = Base; path = Base.lproj/LaunchScreen.storyboard; sourceTree = "<group>"; };
		04E0947D267A06B900A69956 /* Info.plist */ = {isa = PBXFileReference; lastKnownFileType = text.plist.xml; path = Info.plist; sourceTree = "<group>"; };
		04E5836E267A47FB00EDC3A3 /* Utils.swift */ = {isa = PBXFileReference; lastKnownFileType = sourcecode.swift; path = Utils.swift; sourceTree = "<group>"; };
		04E58370267A4A0A00EDC3A3 /* UIDevice+Model.swift */ = {isa = PBXFileReference; lastKnownFileType = sourcecode.swift; path = "UIDevice+Model.swift"; sourceTree = "<group>"; };
		04E58372267A4A2000EDC3A3 /* UIDevice+Enviroment.swift */ = {isa = PBXFileReference; lastKnownFileType = sourcecode.swift; path = "UIDevice+Enviroment.swift"; sourceTree = "<group>"; };
		04E58376267B323E00EDC3A3 /* Constants.swift */ = {isa = PBXFileReference; lastKnownFileType = sourcecode.swift; path = Constants.swift; sourceTree = "<group>"; };
		04E58378267B39AD00EDC3A3 /* PHPhotoLibrary+Auth.swift */ = {isa = PBXFileReference; lastKnownFileType = sourcecode.swift; path = "PHPhotoLibrary+Auth.swift"; sourceTree = "<group>"; };
		04E5837B267B3E2A00EDC3A3 /* PhotoManager.swift */ = {isa = PBXFileReference; lastKnownFileType = sourcecode.swift; path = PhotoManager.swift; sourceTree = "<group>"; };
		04E5837D267B60F600EDC3A3 /* AlertManager.swift */ = {isa = PBXFileReference; lastKnownFileType = sourcecode.swift; path = AlertManager.swift; sourceTree = "<group>"; };
		04E5837F267B9F6B00EDC3A3 /* PhassetFetchManager.swift */ = {isa = PBXFileReference; lastKnownFileType = sourcecode.swift; path = PhassetFetchManager.swift; sourceTree = "<group>"; };
		04EE29FA269891F30013837D /* PHasset+Thumbnail.swift */ = {isa = PBXFileReference; lastKnownFileType = sourcecode.swift; path = "PHasset+Thumbnail.swift"; sourceTree = "<group>"; };
		4F4A17A3271D73E900CAF157 /* Font.swift */ = {isa = PBXFileReference; lastKnownFileType = sourcecode.swift; path = Font.swift; sourceTree = "<group>"; };
		4F4A17A5271D743600CAF157 /* FontRepresentable.swift */ = {isa = PBXFileReference; lastKnownFileType = sourcecode.swift; path = FontRepresentable.swift; sourceTree = "<group>"; };
		4F4A17A7271D745300CAF157 /* UIFont+Extension.swift */ = {isa = PBXFileReference; lastKnownFileType = sourcecode.swift; path = "UIFont+Extension.swift"; sourceTree = "<group>"; };
		4F4A17AB271D76F700CAF157 /* Roboto-Thin.ttf */ = {isa = PBXFileReference; lastKnownFileType = file; path = "Roboto-Thin.ttf"; sourceTree = "<group>"; };
		4F4A17AC271D76F700CAF157 /* Roboto-Italic.ttf */ = {isa = PBXFileReference; lastKnownFileType = file; path = "Roboto-Italic.ttf"; sourceTree = "<group>"; };
		4F4A17AD271D76F700CAF157 /* Roboto-Black.ttf */ = {isa = PBXFileReference; lastKnownFileType = file; path = "Roboto-Black.ttf"; sourceTree = "<group>"; };
		4F4A17AE271D76F700CAF157 /* Roboto-ThinItalic.ttf */ = {isa = PBXFileReference; lastKnownFileType = file; path = "Roboto-ThinItalic.ttf"; sourceTree = "<group>"; };
		4F4A17AF271D76F700CAF157 /* Roboto-LightItalic.ttf */ = {isa = PBXFileReference; lastKnownFileType = file; path = "Roboto-LightItalic.ttf"; sourceTree = "<group>"; };
		4F4A17B0271D76F700CAF157 /* Roboto-Regular.ttf */ = {isa = PBXFileReference; lastKnownFileType = file; path = "Roboto-Regular.ttf"; sourceTree = "<group>"; };
		4F4A17B1271D76F800CAF157 /* Roboto-Light.ttf */ = {isa = PBXFileReference; lastKnownFileType = file; path = "Roboto-Light.ttf"; sourceTree = "<group>"; };
		4F4A17B2271D76F800CAF157 /* Roboto-BlackItalic.ttf */ = {isa = PBXFileReference; lastKnownFileType = file; path = "Roboto-BlackItalic.ttf"; sourceTree = "<group>"; };
		4F4A17B3271D76F800CAF157 /* Roboto-Medium.ttf */ = {isa = PBXFileReference; lastKnownFileType = file; path = "Roboto-Medium.ttf"; sourceTree = "<group>"; };
		4F4A17B4271D76F800CAF157 /* Roboto-BoldItalic.ttf */ = {isa = PBXFileReference; lastKnownFileType = file; path = "Roboto-BoldItalic.ttf"; sourceTree = "<group>"; };
		4F4A17B5271D76F800CAF157 /* Roboto-Bold.ttf */ = {isa = PBXFileReference; lastKnownFileType = file; path = "Roboto-Bold.ttf"; sourceTree = "<group>"; };
		4F4A17B6271D76F800CAF157 /* Roboto-MediumItalic.ttf */ = {isa = PBXFileReference; lastKnownFileType = file; path = "Roboto-MediumItalic.ttf"; sourceTree = "<group>"; };
		4F4A17B8271D812400CAF157 /* CustomNavigationBar.xib */ = {isa = PBXFileReference; lastKnownFileType = file.xib; path = CustomNavigationBar.xib; sourceTree = "<group>"; };
		4F4A17BA271D819F00CAF157 /* CustomNavigationBar.swift */ = {isa = PBXFileReference; lastKnownFileType = sourcecode.swift; path = CustomNavigationBar.swift; sourceTree = "<group>"; };
		4F560717271DC5C400CA19E9 /* en-GB */ = {isa = PBXFileReference; lastKnownFileType = text.plist.strings; name = "en-GB"; path = "en-GB.lproj/Main.strings"; sourceTree = "<group>"; };
		4F560718271DC5C400CA19E9 /* en-GB */ = {isa = PBXFileReference; lastKnownFileType = text.plist.strings; name = "en-GB"; path = "en-GB.lproj/LaunchScreen.strings"; sourceTree = "<group>"; };
		4F56071F271DC6FC00CA19E9 /* en */ = {isa = PBXFileReference; lastKnownFileType = text.plist.strings; name = en; path = en.lproj/Localizable.strings; sourceTree = "<group>"; };
		4F560721271FF81F00CA19E9 /* ShadowView.swift */ = {isa = PBXFileReference; lastKnownFileType = sourcecode.swift; path = ShadowView.swift; sourceTree = "<group>"; };
		4F56072427205AF100CA19E9 /* GradientCircularProgress.swift */ = {isa = PBXFileReference; fileEncoding = 4; lastKnownFileType = sourcecode.swift; path = GradientCircularProgress.swift; sourceTree = "<group>"; };
		4F56072627205AF200CA19E9 /* Property.swift */ = {isa = PBXFileReference; fileEncoding = 4; lastKnownFileType = sourcecode.swift; path = Property.swift; sourceTree = "<group>"; };
		4F56072827205AF200CA19E9 /* CircularProgressView.swift */ = {isa = PBXFileReference; fileEncoding = 4; lastKnownFileType = sourcecode.swift; path = CircularProgressView.swift; sourceTree = "<group>"; };
		4F56072927205AF200CA19E9 /* ProgressAtRatioView.swift */ = {isa = PBXFileReference; fileEncoding = 4; lastKnownFileType = sourcecode.swift; path = ProgressAtRatioView.swift; sourceTree = "<group>"; };
		4F56072A27205AF200CA19E9 /* ProgressView.swift */ = {isa = PBXFileReference; fileEncoding = 4; lastKnownFileType = sourcecode.swift; path = ProgressView.swift; sourceTree = "<group>"; };
		4F56072C27205AF200CA19E9 /* GradientArcView.swift */ = {isa = PBXFileReference; fileEncoding = 4; lastKnownFileType = sourcecode.swift; path = GradientArcView.swift; sourceTree = "<group>"; };
		4F56072D27205AF200CA19E9 /* ArcView.swift */ = {isa = PBXFileReference; fileEncoding = 4; lastKnownFileType = sourcecode.swift; path = ArcView.swift; sourceTree = "<group>"; };
		4F56072E27205AF200CA19E9 /* Background.swift */ = {isa = PBXFileReference; fileEncoding = 4; lastKnownFileType = sourcecode.swift; path = Background.swift; sourceTree = "<group>"; };
		4F56072F27205AF200CA19E9 /* WindowBuilder.swift */ = {isa = PBXFileReference; fileEncoding = 4; lastKnownFileType = sourcecode.swift; path = WindowBuilder.swift; sourceTree = "<group>"; };
		4F56073027205AF200CA19E9 /* GradientArcWithClearColorView.swift */ = {isa = PBXFileReference; fileEncoding = 4; lastKnownFileType = sourcecode.swift; path = GradientArcWithClearColorView.swift; sourceTree = "<group>"; };
		4F56073127205AF200CA19E9 /* ProgressViewController.swift */ = {isa = PBXFileReference; fileEncoding = 4; lastKnownFileType = sourcecode.swift; path = ProgressViewController.swift; sourceTree = "<group>"; };
		4F56073327205AF200CA19E9 /* GreenLightStyle.swift */ = {isa = PBXFileReference; fileEncoding = 4; lastKnownFileType = sourcecode.swift; path = GreenLightStyle.swift; sourceTree = "<group>"; };
		4F56073427205AF200CA19E9 /* BlueIndicatorStyle.swift */ = {isa = PBXFileReference; fileEncoding = 4; lastKnownFileType = sourcecode.swift; path = BlueIndicatorStyle.swift; sourceTree = "<group>"; };
		4F56073527205AF200CA19E9 /* BlueDarkStyle.swift */ = {isa = PBXFileReference; fileEncoding = 4; lastKnownFileType = sourcecode.swift; path = BlueDarkStyle.swift; sourceTree = "<group>"; };
		4F56073627205AF200CA19E9 /* OrangeClearStyle.swift */ = {isa = PBXFileReference; fileEncoding = 4; lastKnownFileType = sourcecode.swift; path = OrangeClearStyle.swift; sourceTree = "<group>"; };
		4F56073727205AF200CA19E9 /* Style.swift */ = {isa = PBXFileReference; fileEncoding = 4; lastKnownFileType = sourcecode.swift; path = Style.swift; sourceTree = "<group>"; };
		4F56073927205AF300CA19E9 /* ColorUtil.swift */ = {isa = PBXFileReference; fileEncoding = 4; lastKnownFileType = sourcecode.swift; path = ColorUtil.swift; sourceTree = "<group>"; };
		81D1B9EBAF1D92CCA563E435 /* Pods-ECleaner.debug.xcconfig */ = {isa = PBXFileReference; includeInIndex = 1; lastKnownFileType = text.xcconfig; name = "Pods-ECleaner.debug.xcconfig"; path = "Target Support Files/Pods-ECleaner/Pods-ECleaner.debug.xcconfig"; sourceTree = "<group>"; };
		97238A062689BD8000C523DC /* PhotoMediaType.swift */ = {isa = PBXFileReference; lastKnownFileType = sourcecode.swift; path = PhotoMediaType.swift; sourceTree = "<group>"; };
		97238A082689D01E00C523DC /* GroupedAssetListViewController.swift */ = {isa = PBXFileReference; lastKnownFileType = sourcecode.swift; path = GroupedAssetListViewController.swift; sourceTree = "<group>"; };
		97238A0A2689EDD200C523DC /* Toast.swift */ = {isa = PBXFileReference; lastKnownFileType = sourcecode.swift; path = Toast.swift; sourceTree = "<group>"; };
		97238A0C2689EDFF00C523DC /* CustomActivityIndicator.swift */ = {isa = PBXFileReference; lastKnownFileType = sourcecode.swift; path = CustomActivityIndicator.swift; sourceTree = "<group>"; };
		97238A0E2689EE2700C523DC /* CustomDoneHud.swift */ = {isa = PBXFileReference; lastKnownFileType = sourcecode.swift; path = CustomDoneHud.swift; sourceTree = "<group>"; };
		97238A102689EECE00C523DC /* UIView+BlurView.swift */ = {isa = PBXFileReference; lastKnownFileType = sourcecode.swift; path = "UIView+BlurView.swift"; sourceTree = "<group>"; };
		97238A122689EF6E00C523DC /* Presenter.swift */ = {isa = PBXFileReference; lastKnownFileType = sourcecode.swift; path = Presenter.swift; sourceTree = "<group>"; };
		97CC2F372683CF740072EF8C /* UpdateContentDataBaseMediator.swift */ = {isa = PBXFileReference; lastKnownFileType = sourcecode.swift; path = UpdateContentDataBaseMediator.swift; sourceTree = "<group>"; };
		97CC2F392683D00F0072EF8C /* UpdateContentDataBaseListener.swift */ = {isa = PBXFileReference; lastKnownFileType = sourcecode.swift; path = UpdateContentDataBaseListener.swift; sourceTree = "<group>"; };
		97CC2F3B26873A7D0072EF8C /* DateSelectorViewController.swift */ = {isa = PBXFileReference; lastKnownFileType = sourcecode.swift; path = DateSelectorViewController.swift; sourceTree = "<group>"; };
		97CC2F3D268743A80072EF8C /* SegueManager.swift */ = {isa = PBXFileReference; lastKnownFileType = sourcecode.swift; path = SegueManager.swift; sourceTree = "<group>"; };
		97CC2F3F268749CF0072EF8C /* UIButton+ImageAlign.swift */ = {isa = PBXFileReference; lastKnownFileType = sourcecode.swift; path = "UIButton+ImageAlign.swift"; sourceTree = "<group>"; };
		97D0BABC2680AD6E0067A3A6 /* String+NSDate.swift */ = {isa = PBXFileReference; lastKnownFileType = sourcecode.swift; path = "String+NSDate.swift"; sourceTree = "<group>"; };
		97E54A85268BB16A00C7FD54 /* SNCollectionViewLayout.swift */ = {isa = PBXFileReference; lastKnownFileType = sourcecode.swift; path = SNCollectionViewLayout.swift; sourceTree = "<group>"; };
		97FC789126888120000D7F26 /* Date+CurrentDate.swift */ = {isa = PBXFileReference; lastKnownFileType = sourcecode.swift; path = "Date+CurrentDate.swift"; sourceTree = "<group>"; };
		97FC7893268882C9000D7F26 /* Date+DateFormatter.swift */ = {isa = PBXFileReference; lastKnownFileType = sourcecode.swift; path = "Date+DateFormatter.swift"; sourceTree = "<group>"; };
		97FC789526889541000D7F26 /* TimeIInterval.swift */ = {isa = PBXFileReference; lastKnownFileType = sourcecode.swift; path = TimeIInterval.swift; sourceTree = "<group>"; };
		97FC78972688CC06000D7F26 /* SimpleAssetsListViewController.swift */ = {isa = PBXFileReference; lastKnownFileType = sourcecode.swift; path = SimpleAssetsListViewController.swift; sourceTree = "<group>"; };
		97FC78992688D907000D7F26 /* SimpleColumnFlowLayout.swift */ = {isa = PBXFileReference; lastKnownFileType = sourcecode.swift; path = SimpleColumnFlowLayout.swift; sourceTree = "<group>"; };
		97FC789F2688E5E8000D7F26 /* PhotoCollectionViewCell.swift */ = {isa = PBXFileReference; lastKnownFileType = sourcecode.swift; path = PhotoCollectionViewCell.swift; sourceTree = "<group>"; };
		97FC78A02688E5E8000D7F26 /* PhotoCollectionViewCell.xib */ = {isa = PBXFileReference; lastKnownFileType = file.xib; path = PhotoCollectionViewCell.xib; sourceTree = "<group>"; };
		D5E1E3293C3C186D5078FB52 /* Pods-ECleaner.release.xcconfig */ = {isa = PBXFileReference; includeInIndex = 1; lastKnownFileType = text.xcconfig; name = "Pods-ECleaner.release.xcconfig"; path = "Target Support Files/Pods-ECleaner/Pods-ECleaner.release.xcconfig"; sourceTree = "<group>"; };
		E6C6CFFC143ABD3817A81249 /* Pods_ECleaner.framework */ = {isa = PBXFileReference; explicitFileType = wrapper.framework; includeInIndex = 0; path = Pods_ECleaner.framework; sourceTree = BUILT_PRODUCTS_DIR; };
/* End PBXFileReference section */

/* Begin PBXFrameworksBuildPhase section */
		04E09469267A06B500A69956 /* Frameworks */ = {
			isa = PBXFrameworksBuildPhase;
			buildActionMask = 2147483647;
			files = (
				2001A0C2915698B9A225961C /* Pods_ECleaner.framework in Frameworks */,
			);
			runOnlyForDeploymentPostprocessing = 0;
		};
/* End PBXFrameworksBuildPhase section */

/* Begin PBXGroup section */
		040E288926A98B150019F372 /* DeepClean */ = {
			isa = PBXGroup;
			children = (
				040E288726A98B0F0019F372 /* DeepCleaningViewController.swift */,
			);
			path = DeepClean;
			sourceTree = "<group>";
		};
		04467CE7270DC60C00DBBB39 /* DateSelectableView */ = {
			isa = PBXGroup;
			children = (
				04467CE3270DA3A000DBBB39 /* DateSelectebleView.swift */,
			);
			path = DateSelectableView;
			sourceTree = "<group>";
		};
		0447A68C26B2A9170074919B /* Operation */ = {
			isa = PBXGroup;
			children = (
				04CACE1F26A827CA006489FA /* PhotoOperationQueue.swift */,
				0447A68826B2A1E20074919B /* ConcurentPhotoProcessOperation.swift */,
				0447A68A26B2A3C30074919B /* OperationPhotoProcessingQueuer.swift */,
			);
			path = Operation;
			sourceTree = "<group>";
		};
		044A6FBE270F1BA800CF0D17 /* CGFloat */ = {
			isa = PBXGroup;
			children = (
				044A6FBA270F1B5300CF0D17 /* CGfloat+RemoveDecimals.swift */,
			);
			path = CGFloat;
			sourceTree = "<group>";
		};
		044A6FBF270F1BC200CF0D17 /* Sequence */ = {
			isa = PBXGroup;
			children = (
				044A6FBC270F1B9B00CF0D17 /* Sequence+GetSum.swift */,
			);
			path = Sequence;
			sourceTree = "<group>";
		};
		044A6FC0270F1BD300CF0D17 /* CMTime */ = {
			isa = PBXGroup;
			children = (
				0405AA58269D77A5004AC07A /* CMtime+StringDuration.swift */,
			);
			path = CMTime;
			sourceTree = "<group>";
		};
		0459DF9626A57A8D0085EEDF /* Controllers */ = {
			isa = PBXGroup;
			children = (
				0459DF9126A56DB20085EEDF /* CarouselItemView.xib */,
			);
			path = Controllers;
			sourceTree = "<group>";
		};
		04649B37268C624F00336FE4 /* Views */ = {
			isa = PBXGroup;
			children = (
				04467CE5270DA3B200DBBB39 /* DateSelectebleView.xib */,
				04649B30268C507F00336FE4 /* GroupedAssetsReusableHeaderView.xib */,
				04649B34268C52B100336FE4 /* GroupedAssetsReusableFooterView.xib */,
			);
			path = Views;
			sourceTree = "<group>";
		};
		04649B38268C626C00336FE4 /* HeadersFootes */ = {
			isa = PBXGroup;
			children = (
				04649B33268C52B100336FE4 /* GroupedAssetsReusableFooterView.swift */,
				04649B2F268C507F00336FE4 /* GroupedAssetsReusableHeaderView.swift */,
			);
			path = HeadersFootes;
			sourceTree = "<group>";
		};
		047DE61426AAA33700733CD5 /* Temp */ = {
			isa = PBXGroup;
			children = (
				0459DF9826A6C5E50085EEDF /* celBlock51area.swift */,
			);
			path = Temp;
			sourceTree = "<group>";
		};
		047DE61526AAA34800733CD5 /* PhotoControllers */ = {
			isa = PBXGroup;
			children = (
				97FC78972688CC06000D7F26 /* SimpleAssetsListViewController.swift */,
				97238A082689D01E00C523DC /* GroupedAssetListViewController.swift */,
			);
			path = PhotoControllers;
			sourceTree = "<group>";
		};
		047DE61626AAA36C00733CD5 /* Main */ = {
			isa = PBXGroup;
			children = (
				049CC216268221DE0002F988 /* MainViewController.swift */,
				04CFFFF82685BF01000CA850 /* MediaContentViewController.swift */,
			);
			path = Main;
			sourceTree = "<group>";
		};
		049CC20E26821D330002F988 /* UIDevice */ = {
			isa = PBXGroup;
			children = (
				04CFFFEB2684725F000CA850 /* Device+DiskSpace.swift */,
				04E58370267A4A0A00EDC3A3 /* UIDevice+Model.swift */,
				04E58372267A4A2000EDC3A3 /* UIDevice+Enviroment.swift */,
			);
			path = UIDevice;
			sourceTree = "<group>";
		};
		049CC20F26821D3F0002F988 /* Strings */ = {
			isa = PBXGroup;
			children = (
				97D0BABC2680AD6E0067A3A6 /* String+NSDate.swift */,
				049CC2392683761B0002F988 /* String+ConvertInteger.swift */,
				04CFFFF12684B1ED000CA850 /* String+Extension.swift */,
				04CFFFF32684B23D000CA850 /* String+Whitespaces.swift */,
			);
			path = Strings;
			sourceTree = "<group>";
		};
		049CC21026821D560002F988 /* Photo */ = {
			isa = PBXGroup;
			children = (
				047DE61B26AAD5F000733CD5 /* DeepCleanManager.swift */,
				04E5837B267B3E2A00EDC3A3 /* PhotoManager.swift */,
				04E5837F267B9F6B00EDC3A3 /* PhassetFetchManager.swift */,
				048D65C626B13EA3004F0ADC /* DeepCleanNotificationManager.swift */,
			);
			path = Photo;
			sourceTree = "<group>";
		};
		049CC21126821D5F0002F988 /* Alert */ = {
			isa = PBXGroup;
			children = (
				04E5837D267B60F600EDC3A3 /* AlertManager.swift */,
			);
			path = Alert;
			sourceTree = "<group>";
		};
		049CC2222683179E0002F988 /* ThemeManager */ = {
			isa = PBXGroup;
			children = (
				049CC21C268225F80002F988 /* ThemeManager.swift */,
			);
			path = ThemeManager;
			sourceTree = "<group>";
		};
		049CC22526831B840002F988 /* UIColor */ = {
			isa = PBXGroup;
			children = (
				049CC22326831B800002F988 /* UIColor+Hex.swift */,
			);
			path = UIColor;
			sourceTree = "<group>";
		};
		049CC22726831D480002F988 /* Utilites */ = {
			isa = PBXGroup;
			children = (
				04E5836E267A47FB00EDC3A3 /* Utils.swift */,
				97238A122689EF6E00C523DC /* Presenter.swift */,
			);
			path = Utilites;
			sourceTree = "<group>";
		};
		049CC22826831D540002F988 /* Constants */ = {
			isa = PBXGroup;
			children = (
				04E58376267B323E00EDC3A3 /* Constants.swift */,
				049CC218268225500002F988 /* Colors.swift */,
				049CC22926831D630002F988 /* Images.swift */,
			);
			path = Constants;
			sourceTree = "<group>";
		};
		049CC22B268321D30002F988 /* Settings */ = {
			isa = PBXGroup;
			children = (
				049CC21A268225E60002F988 /* SettingsManager.swift */,
			);
			path = Settings;
			sourceTree = "<group>";
		};
		049CC22C268321DC0002F988 /* NotificationManager */ = {
			isa = PBXGroup;
			children = (
				049CC220268314690002F988 /* NotificationManager.swift */,
			);
			path = NotificationManager;
			sourceTree = "<group>";
		};
		049CC231268337360002F988 /* Cells */ = {
			isa = PBXGroup;
			children = (
				049CC22D268337310002F988 /* MediaTypeCollectionViewCell.swift */,
				97FC789F2688E5E8000D7F26 /* PhotoCollectionViewCell.swift */,
				04CFFFFE2685F0C3000CA850 /* ContentTypeTableViewCell.swift */,
				044281FF2693034600B6B47C /* DropDownMenuTableViewCell.swift */,
				0459DF8A26A55F360085EEDF /* CarouselCollectionViewCell.swift */,
				047DE61726AAA53100733CD5 /* DeepCleanInfoTableViewCell.swift */,
			);
			path = Cells;
			sourceTree = "<group>";
		};
		049CC2322683374C0002F988 /* Cells */ = {
			isa = PBXGroup;
			children = (
				047DE61826AAA53100733CD5 /* DeepCleanInfoTableViewCell.xib */,
				049CC22E268337310002F988 /* MediaTypeCollectionViewCell.xib */,
				97FC78A02688E5E8000D7F26 /* PhotoCollectionViewCell.xib */,
				04CFFFFF2685F0C3000CA850 /* ContentTypeTableViewCell.xib */,
				044282002693034600B6B47C /* DropDownMenuTableViewCell.xib */,
			);
			path = Cells;
			sourceTree = "<group>";
		};
		049CC23526833D350002F988 /* UIView */ = {
			isa = PBXGroup;
			children = (
				97238A102689EECE00C523DC /* UIView+BlurView.swift */,
				049CC23326833D320002F988 /* UIView+Radius.swift */,
				04CFFFFA2685E546000CA850 /* UIView+SelectedCornerRadius.swift */,
				04CFFFFC2685E571000CA850 /* UIView+Borders.swift */,
			);
			path = UIView;
			sourceTree = "<group>";
		};
		049CC2382683730E0002F988 /* FlowLayout */ = {
			isa = PBXGroup;
			children = (
				049CC2362683730A0002F988 /* BaseCollectionFlowLayout.swift */,
				97FC78992688D907000D7F26 /* SimpleColumnFlowLayout.swift */,
				97E54A85268BB16A00C7FD54 /* SNCollectionViewLayout.swift */,
				0459DF9426A579950085EEDF /* CarouselPhotoFlowLayout.swift */,
			);
			path = FlowLayout;
			sourceTree = "<group>";
		};
		04B20F03269C4F9A00C6BC14 /* ModalControllers */ = {
			isa = PBXGroup;
			children = (
				97CC2F3B26873A7D0072EF8C /* DateSelectorViewController.swift */,
				044281FB2692F95A00B6B47C /* DropDownMenuViewController.swift */,
				04B20F01269C4F6A00C6BC14 /* AssetContextPreviewViewController.swift */,
				0405AA5A269D9BD6004AC07A /* PreviewAVController.swift */,
			);
			path = ModalControllers;
			sourceTree = "<group>";
		};
		04CFFFEA26846A3E000CA850 /* Device */ = {
			isa = PBXGroup;
			children = (
				04CFFFE626846A23000CA850 /* Device.swift */,
				04CFFFE826846A38000CA850 /* Screen.swift */,
			);
			path = Device;
			sourceTree = "<group>";
		};
		04CFFFF0268479D3000CA850 /* UIHelpersViews */ = {
			isa = PBXGroup;
			children = (
				04CFFFEE268479CE000CA850 /* CircleProgressView.swift */,
				048D65C826B171E5004F0ADC /* PlainProgressview.swift */,
				04467CDF270D929C00DBBB39 /* HorizontalProgressBar.swift */,
				044A6FB8270F1B0F00CF0D17 /* CircleProgressBar.swift */,
			);
			path = UIHelpersViews;
			sourceTree = "<group>";
		};
		04E09463267A06B500A69956 = {
			isa = PBXGroup;
			children = (
				4F56071E271DC6C800CA19E9 /* Localizable.strings */,
				04E0946E267A06B500A69956 /* ECleaner */,
				04E0946D267A06B500A69956 /* Products */,
				78535D8DFC85B5DF1D785ED7 /* Pods */,
				9C660DF0569619D661857567 /* Frameworks */,
			);
			sourceTree = "<group>";
		};
		04E0946D267A06B500A69956 /* Products */ = {
			isa = PBXGroup;
			children = (
				04E0946C267A06B500A69956 /* ECleaner.app */,
			);
			name = Products;
			sourceTree = "<group>";
		};
		04E0946E267A06B500A69956 /* ECleaner */ = {
			isa = PBXGroup;
			children = (
				04E58369267A3FBE00EDC3A3 /* Application */,
				97FC78A32689144D000D7F26 /* ContentType */,
				04E5835B267A3E4700EDC3A3 /* Controllers */,
				04E58364267A3F1600EDC3A3 /* Views */,
				04E58362267A3EE900EDC3A3 /* Storyboards & Xibs */,
				04E5835F267A3EB600EDC3A3 /* Managers */,
				04E5835E267A3E7D00EDC3A3 /* Helpers */,
				04E5835D267A3E6C00EDC3A3 /* Extension */,
				04E58366267A3F7200EDC3A3 /* Listeners */,
				04E58361267A3ED000EDC3A3 /* Protocols */,
				04E58367267A3F8F00EDC3A3 /* Assets */,
				04E0947D267A06B900A69956 /* Info.plist */,
			);
			path = ECleaner;
			sourceTree = "<group>";
		};
		04E5835B267A3E4700EDC3A3 /* Controllers */ = {
			isa = PBXGroup;
			children = (
				049CC214268221D40002F988 /* AdvertisementViewController.swift */,
				047DE61626AAA36C00733CD5 /* Main */,
				047DE61526AAA34800733CD5 /* PhotoControllers */,
				974EEA3726A74239000A0326 /* PhotoPreviewViewController */,
				04B20F03269C4F9A00C6BC14 /* ModalControllers */,
				047DE61426AAA33700733CD5 /* Temp */,
				040E288926A98B150019F372 /* DeepClean */,
			);
			path = Controllers;
			sourceTree = "<group>";
		};
		04E5835D267A3E6C00EDC3A3 /* Extension */ = {
			isa = PBXGroup;
			children = (
				97E54A892690A9A100C7FD54 /* UICollectionView */,
				049CC20E26821D330002F988 /* UIDevice */,
				04E5837A267B39C400EDC3A3 /* PhotoLibrary */,
				049CC20F26821D3F0002F988 /* Strings */,
				049CC22526831B840002F988 /* UIColor */,
				049CC23526833D350002F988 /* UIView */,
				97E54A8A2690A9B100C7FD54 /* UIButton */,
				97E54A8B2690A9BD00C7FD54 /* Date */,
				97E54A8C2690A9CE00C7FD54 /* ArrayAndCollection */,
				044A6FC0270F1BD300CF0D17 /* CMTime */,
				044A6FBE270F1BA800CF0D17 /* CGFloat */,
				044A6FBF270F1BC200CF0D17 /* Sequence */,
			);
			path = Extension;
			sourceTree = "<group>";
		};
		04E5835E267A3E7D00EDC3A3 /* Helpers */ = {
			isa = PBXGroup;
			children = (
				4F56072327205ADC00CA19E9 /* CustomCircular */,
				4F4A17B7271D80D400CAF157 /* NavigationBar */,
				4F4A17A2271D73B100CAF157 /* Fonts */,
				0447A68C26B2A9170074919B /* Operation */,
				049CC22726831D480002F988 /* Utilites */,
				049CC22826831D540002F988 /* Constants */,
				049CC2382683730E0002F988 /* FlowLayout */,
				04CFFFEA26846A3E000CA850 /* Device */,
				4F560721271FF81F00CA19E9 /* ShadowView.swift */,
			);
			path = Helpers;
			sourceTree = "<group>";
		};
		04E5835F267A3EB600EDC3A3 /* Managers */ = {
			isa = PBXGroup;
			children = (
				049CC21026821D560002F988 /* Photo */,
				049CC21126821D5F0002F988 /* Alert */,
				049CC22B268321D30002F988 /* Settings */,
				049CC2222683179E0002F988 /* ThemeManager */,
				049CC22C268321DC0002F988 /* NotificationManager */,
				97E54A8D2690AA0E00C7FD54 /* SegueManager */,
			);
			path = Managers;
			sourceTree = "<group>";
		};
		04E58361267A3ED000EDC3A3 /* Protocols */ = {
			isa = PBXGroup;
			children = (
				049CC21E268312950002F988 /* UpdateColorsProtocolol.swift */,
				97CC2F392683D00F0072EF8C /* UpdateContentDataBaseListener.swift */,
				04649B23268B2F3900336FE4 /* UpdatingChangesInOpenedScreensListeners.swift */,
				044281FD2692F9B800B6B47C /* SelectDropDownMenuDelegate.swift */,
			);
			path = Protocols;
			sourceTree = "<group>";
		};
		04E58362267A3EE900EDC3A3 /* Storyboards & Xibs */ = {
			isa = PBXGroup;
			children = (
				04E5836B267A414C00EDC3A3 /* Xibs */,
				04E5836A267A412D00EDC3A3 /* Storyboards */,
			);
			path = "Storyboards & Xibs";
			sourceTree = "<group>";
		};
		04E58364267A3F1600EDC3A3 /* Views */ = {
			isa = PBXGroup;
			children = (
				04467CE7270DC60C00DBBB39 /* DateSelectableView */,
				049CC231268337360002F988 /* Cells */,
				04CFFFF0268479D3000CA850 /* UIHelpersViews */,
				97238A142689F30500C523DC /* Presenters */,
				04649B38268C626C00336FE4 /* HeadersFootes */,
				04CACE1D26A7FF62006489FA /* CarouselItemView.swift */,
			);
			path = Views;
			sourceTree = "<group>";
		};
		04E58366267A3F7200EDC3A3 /* Listeners */ = {
			isa = PBXGroup;
			children = (
				97CC2F372683CF740072EF8C /* UpdateContentDataBaseMediator.swift */,
				04649B27268B2F7300336FE4 /* UpdatingChangesInOpenedScreensMediator.swift */,
			);
			path = Listeners;
			sourceTree = "<group>";
		};
		04E58367267A3F8F00EDC3A3 /* Assets */ = {
			isa = PBXGroup;
			children = (
				04E09478267A06B900A69956 /* Assets.xcassets */,
			);
			path = Assets;
			sourceTree = "<group>";
		};
		04E58369267A3FBE00EDC3A3 /* Application */ = {
			isa = PBXGroup;
			children = (
				04E0946F267A06B500A69956 /* AppDelegate.swift */,
				04E09471267A06B500A69956 /* SceneDelegate.swift */,
			);
			path = Application;
			sourceTree = "<group>";
		};
		04E5836A267A412D00EDC3A3 /* Storyboards */ = {
			isa = PBXGroup;
			children = (
				04E09475267A06B500A69956 /* Main.storyboard */,
				04CFFFF62685BEAD000CA850 /* MediaContent.storyboard */,
				04467CE1270D9B1200DBBB39 /* DatePicker.storyboard */,
				04E0947A267A06B900A69956 /* LaunchScreen.storyboard */,
				040E288A26A98C790019F372 /* DeepClean.storyboard */,
			);
			path = Storyboards;
			sourceTree = "<group>";
		};
		04E5836B267A414C00EDC3A3 /* Xibs */ = {
			isa = PBXGroup;
			children = (
				0459DF9626A57A8D0085EEDF /* Controllers */,
				04649B37268C624F00336FE4 /* Views */,
				049CC2322683374C0002F988 /* Cells */,
			);
			path = Xibs;
			sourceTree = "<group>";
		};
		04E5837A267B39C400EDC3A3 /* PhotoLibrary */ = {
			isa = PBXGroup;
			children = (
				04EE29FA269891F30013837D /* PHasset+Thumbnail.swift */,
				0459DF9A26A6CDCC0085EEDF /* PHCachingImageManager+RequestExtension.swift */,
				04E58378267B39AD00EDC3A3 /* PHPhotoLibrary+Auth.swift */,
			);
			path = PhotoLibrary;
			sourceTree = "<group>";
		};
		4F4A17A2271D73B100CAF157 /* Fonts */ = {
			isa = PBXGroup;
			children = (
				4F4A17AA271D76BC00CAF157 /* Roboto */,
				4F4A17A3271D73E900CAF157 /* Font.swift */,
				4F4A17A5271D743600CAF157 /* FontRepresentable.swift */,
				4F4A17A7271D745300CAF157 /* UIFont+Extension.swift */,
			);
			path = Fonts;
			sourceTree = "<group>";
		};
		4F4A17AA271D76BC00CAF157 /* Roboto */ = {
			isa = PBXGroup;
			children = (
				4F4A17AD271D76F700CAF157 /* Roboto-Black.ttf */,
				4F4A17B2271D76F800CAF157 /* Roboto-BlackItalic.ttf */,
				4F4A17B5271D76F800CAF157 /* Roboto-Bold.ttf */,
				4F4A17B4271D76F800CAF157 /* Roboto-BoldItalic.ttf */,
				4F4A17AC271D76F700CAF157 /* Roboto-Italic.ttf */,
				4F4A17B1271D76F800CAF157 /* Roboto-Light.ttf */,
				4F4A17AF271D76F700CAF157 /* Roboto-LightItalic.ttf */,
				4F4A17B3271D76F800CAF157 /* Roboto-Medium.ttf */,
				4F4A17B6271D76F800CAF157 /* Roboto-MediumItalic.ttf */,
				4F4A17B0271D76F700CAF157 /* Roboto-Regular.ttf */,
				4F4A17AB271D76F700CAF157 /* Roboto-Thin.ttf */,
				4F4A17AE271D76F700CAF157 /* Roboto-ThinItalic.ttf */,
			);
			path = Roboto;
			sourceTree = "<group>";
		};
		4F4A17B7271D80D400CAF157 /* NavigationBar */ = {
			isa = PBXGroup;
			children = (
				4F4A17B8271D812400CAF157 /* CustomNavigationBar.xib */,
				4F4A17BA271D819F00CAF157 /* CustomNavigationBar.swift */,
			);
			path = NavigationBar;
			sourceTree = "<group>";
		};
		4F56072327205ADC00CA19E9 /* CustomCircular */ = {
			isa = PBXGroup;
			children = (
				4F56072427205AF100CA19E9 /* GradientCircularProgress.swift */,
				4F56072527205AF200CA19E9 /* Progress */,
				4F56073227205AF200CA19E9 /* Styles */,
				4F56073827205AF300CA19E9 /* Utils */,
			);
			path = CustomCircular;
			sourceTree = "<group>";
		};
		4F56072527205AF200CA19E9 /* Progress */ = {
			isa = PBXGroup;
			children = (
				4F56072627205AF200CA19E9 /* Property.swift */,
				4F56072727205AF200CA19E9 /* Core */,
				4F56072A27205AF200CA19E9 /* ProgressView.swift */,
				4F56072B27205AF200CA19E9 /* Elements */,
				4F56073127205AF200CA19E9 /* ProgressViewController.swift */,
			);
			path = Progress;
			sourceTree = "<group>";
		};
		4F56072727205AF200CA19E9 /* Core */ = {
			isa = PBXGroup;
			children = (
				4F56072827205AF200CA19E9 /* CircularProgressView.swift */,
				4F56072927205AF200CA19E9 /* ProgressAtRatioView.swift */,
			);
			path = Core;
			sourceTree = "<group>";
		};
		4F56072B27205AF200CA19E9 /* Elements */ = {
			isa = PBXGroup;
			children = (
				4F56072C27205AF200CA19E9 /* GradientArcView.swift */,
				4F56072D27205AF200CA19E9 /* ArcView.swift */,
				4F56072E27205AF200CA19E9 /* Background.swift */,
				4F56072F27205AF200CA19E9 /* WindowBuilder.swift */,
				4F56073027205AF200CA19E9 /* GradientArcWithClearColorView.swift */,
			);
			path = Elements;
			sourceTree = "<group>";
		};
		4F56073227205AF200CA19E9 /* Styles */ = {
			isa = PBXGroup;
			children = (
				4F56073327205AF200CA19E9 /* GreenLightStyle.swift */,
				4F56073427205AF200CA19E9 /* BlueIndicatorStyle.swift */,
				4F56073527205AF200CA19E9 /* BlueDarkStyle.swift */,
				4F56073627205AF200CA19E9 /* OrangeClearStyle.swift */,
				4F56073727205AF200CA19E9 /* Style.swift */,
			);
			path = Styles;
			sourceTree = "<group>";
		};
		4F56073827205AF300CA19E9 /* Utils */ = {
			isa = PBXGroup;
			children = (
				4F56073927205AF300CA19E9 /* ColorUtil.swift */,
			);
			path = Utils;
			sourceTree = "<group>";
		};
		78535D8DFC85B5DF1D785ED7 /* Pods */ = {
			isa = PBXGroup;
			children = (
				81D1B9EBAF1D92CCA563E435 /* Pods-ECleaner.debug.xcconfig */,
				D5E1E3293C3C186D5078FB52 /* Pods-ECleaner.release.xcconfig */,
			);
			path = Pods;
			sourceTree = "<group>";
		};
		97238A142689F30500C523DC /* Presenters */ = {
			isa = PBXGroup;
			children = (
				97238A0A2689EDD200C523DC /* Toast.swift */,
				97238A0C2689EDFF00C523DC /* CustomActivityIndicator.swift */,
				97238A0E2689EE2700C523DC /* CustomDoneHud.swift */,
			);
			path = Presenters;
			sourceTree = "<group>";
		};
		974EEA3726A74239000A0326 /* PhotoPreviewViewController */ = {
			isa = PBXGroup;
			children = (
				0459DF9026A56DB20085EEDF /* PhotoPreviewViewController.swift */,
				0459DF9E26A702AF0085EEDF /* PhotoViewController.swift */,
				0459DF9C26A6F40F0085EEDF /* PhotoPreviewDataSource.swift */,
			);
			path = PhotoPreviewViewController;
			sourceTree = "<group>";
		};
		97E54A892690A9A100C7FD54 /* UICollectionView */ = {
			isa = PBXGroup;
			children = (
				04649B3D268DDDE600336FE4 /* UICollectionView+SelectAll.swift */,
			);
			path = UICollectionView;
			sourceTree = "<group>";
		};
		97E54A8A2690A9B100C7FD54 /* UIButton */ = {
			isa = PBXGroup;
			children = (
				97CC2F3F268749CF0072EF8C /* UIButton+ImageAlign.swift */,
				04649B3B268C98A900336FE4 /* UIButton+RemoveAnimation.swift */,
			);
			path = UIButton;
			sourceTree = "<group>";
		};
		97E54A8B2690A9BD00C7FD54 /* Date */ = {
			isa = PBXGroup;
			children = (
				97FC789126888120000D7F26 /* Date+CurrentDate.swift */,
				97FC789526889541000D7F26 /* TimeIInterval.swift */,
				97FC7893268882C9000D7F26 /* Date+DateFormatter.swift */,
			);
			path = Date;
			sourceTree = "<group>";
		};
		97E54A8C2690A9CE00C7FD54 /* ArrayAndCollection */ = {
			isa = PBXGroup;
			children = (
				04649B39268C6FEC00336FE4 /* Array+Extension.swift */,
			);
			path = ArrayAndCollection;
			sourceTree = "<group>";
		};
		97E54A8D2690AA0E00C7FD54 /* SegueManager */ = {
			isa = PBXGroup;
			children = (
				97CC2F3D268743A80072EF8C /* SegueManager.swift */,
			);
			name = SegueManager;
			sourceTree = "<group>";
		};
		97FC78A32689144D000D7F26 /* ContentType */ = {
			isa = PBXGroup;
			children = (
				04CF0002268602DE000CA850 /* MediaContentType.swift */,
				97238A062689BD8000C523DC /* PhotoMediaType.swift */,
				04428203269313AD00B6B47C /* DropDownMenuItems.swift */,
			);
			path = ContentType;
			sourceTree = "<group>";
		};
		9C660DF0569619D661857567 /* Frameworks */ = {
			isa = PBXGroup;
			children = (
				E6C6CFFC143ABD3817A81249 /* Pods_ECleaner.framework */,
			);
			name = Frameworks;
			sourceTree = "<group>";
		};
/* End PBXGroup section */

/* Begin PBXNativeTarget section */
		04E0946B267A06B500A69956 /* ECleaner */ = {
			isa = PBXNativeTarget;
			buildConfigurationList = 04E09480267A06B900A69956 /* Build configuration list for PBXNativeTarget "ECleaner" */;
			buildPhases = (
				7D0FB6662DD590996CCD79B8 /* [CP] Check Pods Manifest.lock */,
				04E09468267A06B500A69956 /* Sources */,
				04E09469267A06B500A69956 /* Frameworks */,
				04E0946A267A06B500A69956 /* Resources */,
				90C56291C67FB1C8A719E008 /* [CP] Embed Pods Frameworks */,
			);
			buildRules = (
			);
			dependencies = (
			);
			name = ECleaner;
			productName = ECleaner;
			productReference = 04E0946C267A06B500A69956 /* ECleaner.app */;
			productType = "com.apple.product-type.application";
		};
/* End PBXNativeTarget section */

/* Begin PBXProject section */
		04E09464267A06B500A69956 /* Project object */ = {
			isa = PBXProject;
			attributes = {
				LastSwiftUpdateCheck = 1250;
				LastUpgradeCheck = 1250;
				TargetAttributes = {
					04E0946B267A06B500A69956 = {
						CreatedOnToolsVersion = 12.5;
					};
				};
			};
			buildConfigurationList = 04E09467267A06B500A69956 /* Build configuration list for PBXProject "ECleaner" */;
			compatibilityVersion = "Xcode 9.3";
			developmentRegion = en;
			hasScannedForEncodings = 0;
			knownRegions = (
				en,
				Base,
				"en-GB",
			);
			mainGroup = 04E09463267A06B500A69956;
			productRefGroup = 04E0946D267A06B500A69956 /* Products */;
			projectDirPath = "";
			projectRoot = "";
			targets = (
				04E0946B267A06B500A69956 /* ECleaner */,
			);
		};
/* End PBXProject section */

/* Begin PBXResourcesBuildPhase section */
		04E0946A267A06B500A69956 /* Resources */ = {
			isa = PBXResourcesBuildPhase;
			buildActionMask = 2147483647;
			files = (
				4F56071C271DC6C800CA19E9 /* Localizable.strings in Resources */,
				04E0947C267A06B900A69956 /* LaunchScreen.storyboard in Resources */,
				04649B36268C52B100336FE4 /* GroupedAssetsReusableFooterView.xib in Resources */,
				04CF00012685F0C3000CA850 /* ContentTypeTableViewCell.xib in Resources */,
				049CC230268337310002F988 /* MediaTypeCollectionViewCell.xib in Resources */,
				04467CE6270DA3B200DBBB39 /* DateSelectebleView.xib in Resources */,
				040E288B26A98C790019F372 /* DeepClean.storyboard in Resources */,
				0459DF9326A56DB20085EEDF /* CarouselItemView.xib in Resources */,
				04E09479267A06B900A69956 /* Assets.xcassets in Resources */,
				4F4A17B9271D812400CAF157 /* CustomNavigationBar.xib in Resources */,
				047DE61A26AAA53100733CD5 /* DeepCleanInfoTableViewCell.xib in Resources */,
				044282022693034600B6B47C /* DropDownMenuTableViewCell.xib in Resources */,
				04649B32268C507F00336FE4 /* GroupedAssetsReusableHeaderView.xib in Resources */,
				04467CE2270D9B1200DBBB39 /* DatePicker.storyboard in Resources */,
				97FC78A22688E5E8000D7F26 /* PhotoCollectionViewCell.xib in Resources */,
				04E09477267A06B500A69956 /* Main.storyboard in Resources */,
				04CFFFF72685BEAD000CA850 /* MediaContent.storyboard in Resources */,
			);
			runOnlyForDeploymentPostprocessing = 0;
		};
/* End PBXResourcesBuildPhase section */

/* Begin PBXShellScriptBuildPhase section */
		7D0FB6662DD590996CCD79B8 /* [CP] Check Pods Manifest.lock */ = {
			isa = PBXShellScriptBuildPhase;
			buildActionMask = 2147483647;
			files = (
			);
			inputFileListPaths = (
			);
			inputPaths = (
				"${PODS_PODFILE_DIR_PATH}/Podfile.lock",
				"${PODS_ROOT}/Manifest.lock",
			);
			name = "[CP] Check Pods Manifest.lock";
			outputFileListPaths = (
			);
			outputPaths = (
				"$(DERIVED_FILE_DIR)/Pods-ECleaner-checkManifestLockResult.txt",
			);
			runOnlyForDeploymentPostprocessing = 0;
			shellPath = /bin/sh;
			shellScript = "diff \"${PODS_PODFILE_DIR_PATH}/Podfile.lock\" \"${PODS_ROOT}/Manifest.lock\" > /dev/null\nif [ $? != 0 ] ; then\n    # print error to STDERR\n    echo \"error: The sandbox is not in sync with the Podfile.lock. Run 'pod install' or update your CocoaPods installation.\" >&2\n    exit 1\nfi\n# This output is used by Xcode 'outputs' to avoid re-running this script phase.\necho \"SUCCESS\" > \"${SCRIPT_OUTPUT_FILE_0}\"\n";
			showEnvVarsInLog = 0;
		};
		90C56291C67FB1C8A719E008 /* [CP] Embed Pods Frameworks */ = {
			isa = PBXShellScriptBuildPhase;
			buildActionMask = 2147483647;
			files = (
			);
			inputFileListPaths = (
				"${PODS_ROOT}/Target Support Files/Pods-ECleaner/Pods-ECleaner-frameworks-${CONFIGURATION}-input-files.xcfilelist",
			);
			name = "[CP] Embed Pods Frameworks";
			outputFileListPaths = (
				"${PODS_ROOT}/Target Support Files/Pods-ECleaner/Pods-ECleaner-frameworks-${CONFIGURATION}-output-files.xcfilelist",
			);
			runOnlyForDeploymentPostprocessing = 0;
			shellPath = /bin/sh;
			shellScript = "\"${PODS_ROOT}/Target Support Files/Pods-ECleaner/Pods-ECleaner-frameworks.sh\"\n";
			showEnvVarsInLog = 0;
		};
/* End PBXShellScriptBuildPhase section */

/* Begin PBXSourcesBuildPhase section */
		04E09468267A06B500A69956 /* Sources */ = {
			isa = PBXSourcesBuildPhase;
			buildActionMask = 2147483647;
			files = (
				048D65C926B171E5004F0ADC /* PlainProgressview.swift in Sources */,
				4F4A17A6271D743600CAF157 /* FontRepresentable.swift in Sources */,
				04CACE2026A827CA006489FA /* PhotoOperationQueue.swift in Sources */,
				0459DF8B26A55F360085EEDF /* CarouselCollectionViewCell.swift in Sources */,
				97CC2F382683CF740072EF8C /* UpdateContentDataBaseMediator.swift in Sources */,
				04E58379267B39AD00EDC3A3 /* PHPhotoLibrary+Auth.swift in Sources */,
				049CC219268225500002F988 /* Colors.swift in Sources */,
				0459DF9526A579950085EEDF /* CarouselPhotoFlowLayout.swift in Sources */,
				97FC789626889541000D7F26 /* TimeIInterval.swift in Sources */,
				97FC789226888120000D7F26 /* Date+CurrentDate.swift in Sources */,
				0405AA59269D77A5004AC07A /* CMtime+StringDuration.swift in Sources */,
				97FC78A12688E5E8000D7F26 /* PhotoCollectionViewCell.swift in Sources */,
				0405AA5B269D9BD6004AC07A /* PreviewAVController.swift in Sources */,
				049CC23426833D320002F988 /* UIView+Radius.swift in Sources */,
				0447A68B26B2A3C30074919B /* OperationPhotoProcessingQueuer.swift in Sources */,
				04467CE4270DA3A000DBBB39 /* DateSelectebleView.swift in Sources */,
				4F56073B27205AF300CA19E9 /* Property.swift in Sources */,
				048D65C726B13EA3004F0ADC /* DeepCleanNotificationManager.swift in Sources */,
				04E58373267A4A2000EDC3A3 /* UIDevice+Enviroment.swift in Sources */,
				4F56074927205AF300CA19E9 /* Style.swift in Sources */,
				044281FC2692F95A00B6B47C /* DropDownMenuViewController.swift in Sources */,
				0459DF9226A56DB20085EEDF /* PhotoPreviewViewController.swift in Sources */,
				4F56074027205AF300CA19E9 /* ArcView.swift in Sources */,
				97238A0F2689EE2700C523DC /* CustomDoneHud.swift in Sources */,
				04E5837E267B60F600EDC3A3 /* AlertManager.swift in Sources */,
				4F4A17BB271D819F00CAF157 /* CustomNavigationBar.swift in Sources */,
				97FC789A2688D907000D7F26 /* SimpleColumnFlowLayout.swift in Sources */,
				0459DF9F26A702AF0085EEDF /* PhotoViewController.swift in Sources */,
				97238A072689BD8000C523DC /* PhotoMediaType.swift in Sources */,
				04CFFFF42684B23D000CA850 /* String+Whitespaces.swift in Sources */,
				044A6FBB270F1B5300CF0D17 /* CGfloat+RemoveDecimals.swift in Sources */,
				04CFFFFD2685E571000CA850 /* UIView+Borders.swift in Sources */,
				049CC2372683730A0002F988 /* BaseCollectionFlowLayout.swift in Sources */,
				040E288826A98B0F0019F372 /* DeepCleaningViewController.swift in Sources */,
				0459DF9B26A6CDCC0085EEDF /* PHCachingImageManager+RequestExtension.swift in Sources */,
				04CF0003268602DE000CA850 /* MediaContentType.swift in Sources */,
				04E5837C267B3E2A00EDC3A3 /* PhotoManager.swift in Sources */,
				04467CE0270D929D00DBBB39 /* HorizontalProgressBar.swift in Sources */,
				044281FE2692F9B800B6B47C /* SelectDropDownMenuDelegate.swift in Sources */,
				4F56073E27205AF300CA19E9 /* ProgressView.swift in Sources */,
				04CACE1E26A7FF62006489FA /* CarouselItemView.swift in Sources */,
				04CFFFEC2684725F000CA850 /* Device+DiskSpace.swift in Sources */,
				4F56074527205AF300CA19E9 /* GreenLightStyle.swift in Sources */,
				97CC2F3C26873A7D0072EF8C /* DateSelectorViewController.swift in Sources */,
				04E09470267A06B500A69956 /* AppDelegate.swift in Sources */,
				04B20F02269C4F6A00C6BC14 /* AssetContextPreviewViewController.swift in Sources */,
				044A6FB9270F1B1000CF0D17 /* CircleProgressBar.swift in Sources */,
				4F56074227205AF300CA19E9 /* WindowBuilder.swift in Sources */,
				97E54A86268BB16A00C7FD54 /* SNCollectionViewLayout.swift in Sources */,
				044A6FBD270F1B9B00CF0D17 /* Sequence+GetSum.swift in Sources */,
				049CC22A26831D630002F988 /* Images.swift in Sources */,
				04E09472267A06B500A69956 /* SceneDelegate.swift in Sources */,
				97CC2F3E268743A80072EF8C /* SegueManager.swift in Sources */,
				04649B35268C52B100336FE4 /* GroupedAssetsReusableFooterView.swift in Sources */,
				049CC217268221DE0002F988 /* MainViewController.swift in Sources */,
				4F56073A27205AF300CA19E9 /* GradientCircularProgress.swift in Sources */,
				4F56073D27205AF300CA19E9 /* ProgressAtRatioView.swift in Sources */,
				4F56074127205AF300CA19E9 /* Background.swift in Sources */,
				04CFFFE926846A38000CA850 /* Screen.swift in Sources */,
				97238A092689D01E00C523DC /* GroupedAssetListViewController.swift in Sources */,
				049CC22426831B800002F988 /* UIColor+Hex.swift in Sources */,
				04CFFFF22684B1ED000CA850 /* String+Extension.swift in Sources */,
				4F56074827205AF300CA19E9 /* OrangeClearStyle.swift in Sources */,
				97D0BABD2680AD6E0067A3A6 /* String+NSDate.swift in Sources */,
				049CC21F268312950002F988 /* UpdateColorsProtocolol.swift in Sources */,
				049CC22F268337310002F988 /* MediaTypeCollectionViewCell.swift in Sources */,
				049CC21D268225F80002F988 /* ThemeManager.swift in Sources */,
				04428204269313AD00B6B47C /* DropDownMenuItems.swift in Sources */,
				0447A68926B2A1E20074919B /* ConcurentPhotoProcessOperation.swift in Sources */,
				0459DF9926A6C5E50085EEDF /* celBlock51area.swift in Sources */,
				97238A0D2689EDFF00C523DC /* CustomActivityIndicator.swift in Sources */,
				04649B24268B2F3900336FE4 /* UpdatingChangesInOpenedScreensListeners.swift in Sources */,
				04E58377267B323E00EDC3A3 /* Constants.swift in Sources */,
				04CFFFE726846A23000CA850 /* Device.swift in Sources */,
				4F56074427205AF300CA19E9 /* ProgressViewController.swift in Sources */,
				4F56073C27205AF300CA19E9 /* CircularProgressView.swift in Sources */,
				97238A132689EF6E00C523DC /* Presenter.swift in Sources */,
				97FC7894268882C9000D7F26 /* Date+DateFormatter.swift in Sources */,
				04649B3C268C98A900336FE4 /* UIButton+RemoveAnimation.swift in Sources */,
				04649B31268C507F00336FE4 /* GroupedAssetsReusableHeaderView.swift in Sources */,
				97238A112689EECE00C523DC /* UIView+BlurView.swift in Sources */,
				0459DF9D26A6F40F0085EEDF /* PhotoPreviewDataSource.swift in Sources */,
				04CFFFF92685BF01000CA850 /* MediaContentViewController.swift in Sources */,
				4F56074327205AF300CA19E9 /* GradientArcWithClearColorView.swift in Sources */,
				049CC215268221D40002F988 /* AdvertisementViewController.swift in Sources */,
				97FC78982688CC06000D7F26 /* SimpleAssetsListViewController.swift in Sources */,
				049CC21B268225E60002F988 /* SettingsManager.swift in Sources */,
				4F560722271FF81F00CA19E9 /* ShadowView.swift in Sources */,
				4F4A17A4271D73E900CAF157 /* Font.swift in Sources */,
				97CC2F3A2683D00F0072EF8C /* UpdateContentDataBaseListener.swift in Sources */,
				047DE61C26AAD5F000733CD5 /* DeepCleanManager.swift in Sources */,
				04CF00002685F0C3000CA850 /* ContentTypeTableViewCell.swift in Sources */,
				4F56074727205AF300CA19E9 /* BlueDarkStyle.swift in Sources */,
				049CC221268314690002F988 /* NotificationManager.swift in Sources */,
				4F4A17A8271D745300CAF157 /* UIFont+Extension.swift in Sources */,
				04EE29FB269891F30013837D /* PHasset+Thumbnail.swift in Sources */,
				049CC23A2683761B0002F988 /* String+ConvertInteger.swift in Sources */,
				04649B3E268DDDE700336FE4 /* UICollectionView+SelectAll.swift in Sources */,
				04E5836F267A47FB00EDC3A3 /* Utils.swift in Sources */,
				4F56073F27205AF300CA19E9 /* GradientArcView.swift in Sources */,
				047DE61926AAA53100733CD5 /* DeepCleanInfoTableViewCell.swift in Sources */,
				04E58371267A4A0A00EDC3A3 /* UIDevice+Model.swift in Sources */,
				04CFFFFB2685E546000CA850 /* UIView+SelectedCornerRadius.swift in Sources */,
				4F56074A27205AF300CA19E9 /* ColorUtil.swift in Sources */,
				04CFFFEF268479CE000CA850 /* CircleProgressView.swift in Sources */,
				4F56074627205AF300CA19E9 /* BlueIndicatorStyle.swift in Sources */,
				97238A0B2689EDD200C523DC /* Toast.swift in Sources */,
				04649B3A268C6FEC00336FE4 /* Array+Extension.swift in Sources */,
				04E58380267B9F6B00EDC3A3 /* PhassetFetchManager.swift in Sources */,
				04649B28268B2F7300336FE4 /* UpdatingChangesInOpenedScreensMediator.swift in Sources */,
				97CC2F40268749CF0072EF8C /* UIButton+ImageAlign.swift in Sources */,
				044282012693034600B6B47C /* DropDownMenuTableViewCell.swift in Sources */,
			);
			runOnlyForDeploymentPostprocessing = 0;
		};
/* End PBXSourcesBuildPhase section */

/* Begin PBXVariantGroup section */
		04E09475267A06B500A69956 /* Main.storyboard */ = {
			isa = PBXVariantGroup;
			children = (
				04E09476267A06B500A69956 /* Base */,
				4F560717271DC5C400CA19E9 /* en-GB */,
			);
			name = Main.storyboard;
			sourceTree = "<group>";
		};
		04E0947A267A06B900A69956 /* LaunchScreen.storyboard */ = {
			isa = PBXVariantGroup;
			children = (
				04E0947B267A06B900A69956 /* Base */,
				4F560718271DC5C400CA19E9 /* en-GB */,
			);
			name = LaunchScreen.storyboard;
			sourceTree = "<group>";
		};
		4F56071E271DC6C800CA19E9 /* Localizable.strings */ = {
			isa = PBXVariantGroup;
			children = (
				4F56071F271DC6FC00CA19E9 /* en */,
			);
			name = Localizable.strings;
			sourceTree = "<group>";
		};
/* End PBXVariantGroup section */

/* Begin XCBuildConfiguration section */
		04E0947E267A06B900A69956 /* Debug */ = {
			isa = XCBuildConfiguration;
			buildSettings = {
				ALWAYS_SEARCH_USER_PATHS = NO;
				CLANG_ANALYZER_LOCALIZABILITY_NONLOCALIZED = YES;
				CLANG_ANALYZER_NONNULL = YES;
				CLANG_ANALYZER_NUMBER_OBJECT_CONVERSION = YES_AGGRESSIVE;
				CLANG_CXX_LANGUAGE_STANDARD = "gnu++14";
				CLANG_CXX_LIBRARY = "libc++";
				CLANG_ENABLE_MODULES = YES;
				CLANG_ENABLE_OBJC_ARC = YES;
				CLANG_ENABLE_OBJC_WEAK = YES;
				CLANG_WARN_BLOCK_CAPTURE_AUTORELEASING = YES;
				CLANG_WARN_BOOL_CONVERSION = YES;
				CLANG_WARN_COMMA = YES;
				CLANG_WARN_CONSTANT_CONVERSION = YES;
				CLANG_WARN_DEPRECATED_OBJC_IMPLEMENTATIONS = YES;
				CLANG_WARN_DIRECT_OBJC_ISA_USAGE = YES_ERROR;
				CLANG_WARN_DOCUMENTATION_COMMENTS = YES;
				CLANG_WARN_EMPTY_BODY = YES;
				CLANG_WARN_ENUM_CONVERSION = YES;
				CLANG_WARN_INFINITE_RECURSION = YES;
				CLANG_WARN_INT_CONVERSION = YES;
				CLANG_WARN_NON_LITERAL_NULL_CONVERSION = YES;
				CLANG_WARN_OBJC_IMPLICIT_RETAIN_SELF = YES;
				CLANG_WARN_OBJC_LITERAL_CONVERSION = YES;
				CLANG_WARN_OBJC_ROOT_CLASS = YES_ERROR;
				CLANG_WARN_QUOTED_INCLUDE_IN_FRAMEWORK_HEADER = YES;
				CLANG_WARN_RANGE_LOOP_ANALYSIS = YES;
				CLANG_WARN_STRICT_PROTOTYPES = YES;
				CLANG_WARN_SUSPICIOUS_MOVE = YES;
				CLANG_WARN_UNGUARDED_AVAILABILITY = YES_AGGRESSIVE;
				CLANG_WARN_UNREACHABLE_CODE = YES;
				CLANG_WARN__DUPLICATE_METHOD_MATCH = YES;
				COPY_PHASE_STRIP = NO;
				DEBUG_INFORMATION_FORMAT = dwarf;
				ENABLE_STRICT_OBJC_MSGSEND = YES;
				ENABLE_TESTABILITY = YES;
				GCC_C_LANGUAGE_STANDARD = gnu11;
				GCC_DYNAMIC_NO_PIC = NO;
				GCC_NO_COMMON_BLOCKS = YES;
				GCC_OPTIMIZATION_LEVEL = 0;
				GCC_PREPROCESSOR_DEFINITIONS = (
					"DEBUG=1",
					"$(inherited)",
				);
				GCC_WARN_64_TO_32_BIT_CONVERSION = YES;
				GCC_WARN_ABOUT_RETURN_TYPE = YES_ERROR;
				GCC_WARN_UNDECLARED_SELECTOR = YES;
				GCC_WARN_UNINITIALIZED_AUTOS = YES_AGGRESSIVE;
				GCC_WARN_UNUSED_FUNCTION = YES;
				GCC_WARN_UNUSED_VARIABLE = YES;
				IPHONEOS_DEPLOYMENT_TARGET = 14.5;
				MTL_ENABLE_DEBUG_INFO = INCLUDE_SOURCE;
				MTL_FAST_MATH = YES;
				ONLY_ACTIVE_ARCH = YES;
				SDKROOT = iphoneos;
				SWIFT_ACTIVE_COMPILATION_CONDITIONS = DEBUG;
				SWIFT_OPTIMIZATION_LEVEL = "-Onone";
			};
			name = Debug;
		};
		04E0947F267A06B900A69956 /* Release */ = {
			isa = XCBuildConfiguration;
			buildSettings = {
				ALWAYS_SEARCH_USER_PATHS = NO;
				CLANG_ANALYZER_LOCALIZABILITY_NONLOCALIZED = YES;
				CLANG_ANALYZER_NONNULL = YES;
				CLANG_ANALYZER_NUMBER_OBJECT_CONVERSION = YES_AGGRESSIVE;
				CLANG_CXX_LANGUAGE_STANDARD = "gnu++14";
				CLANG_CXX_LIBRARY = "libc++";
				CLANG_ENABLE_MODULES = YES;
				CLANG_ENABLE_OBJC_ARC = YES;
				CLANG_ENABLE_OBJC_WEAK = YES;
				CLANG_WARN_BLOCK_CAPTURE_AUTORELEASING = YES;
				CLANG_WARN_BOOL_CONVERSION = YES;
				CLANG_WARN_COMMA = YES;
				CLANG_WARN_CONSTANT_CONVERSION = YES;
				CLANG_WARN_DEPRECATED_OBJC_IMPLEMENTATIONS = YES;
				CLANG_WARN_DIRECT_OBJC_ISA_USAGE = YES_ERROR;
				CLANG_WARN_DOCUMENTATION_COMMENTS = YES;
				CLANG_WARN_EMPTY_BODY = YES;
				CLANG_WARN_ENUM_CONVERSION = YES;
				CLANG_WARN_INFINITE_RECURSION = YES;
				CLANG_WARN_INT_CONVERSION = YES;
				CLANG_WARN_NON_LITERAL_NULL_CONVERSION = YES;
				CLANG_WARN_OBJC_IMPLICIT_RETAIN_SELF = YES;
				CLANG_WARN_OBJC_LITERAL_CONVERSION = YES;
				CLANG_WARN_OBJC_ROOT_CLASS = YES_ERROR;
				CLANG_WARN_QUOTED_INCLUDE_IN_FRAMEWORK_HEADER = YES;
				CLANG_WARN_RANGE_LOOP_ANALYSIS = YES;
				CLANG_WARN_STRICT_PROTOTYPES = YES;
				CLANG_WARN_SUSPICIOUS_MOVE = YES;
				CLANG_WARN_UNGUARDED_AVAILABILITY = YES_AGGRESSIVE;
				CLANG_WARN_UNREACHABLE_CODE = YES;
				CLANG_WARN__DUPLICATE_METHOD_MATCH = YES;
				COPY_PHASE_STRIP = NO;
				DEBUG_INFORMATION_FORMAT = "dwarf-with-dsym";
				ENABLE_NS_ASSERTIONS = NO;
				ENABLE_STRICT_OBJC_MSGSEND = YES;
				GCC_C_LANGUAGE_STANDARD = gnu11;
				GCC_NO_COMMON_BLOCKS = YES;
				GCC_WARN_64_TO_32_BIT_CONVERSION = YES;
				GCC_WARN_ABOUT_RETURN_TYPE = YES_ERROR;
				GCC_WARN_UNDECLARED_SELECTOR = YES;
				GCC_WARN_UNINITIALIZED_AUTOS = YES_AGGRESSIVE;
				GCC_WARN_UNUSED_FUNCTION = YES;
				GCC_WARN_UNUSED_VARIABLE = YES;
				IPHONEOS_DEPLOYMENT_TARGET = 14.5;
				MTL_ENABLE_DEBUG_INFO = NO;
				MTL_FAST_MATH = YES;
				SDKROOT = iphoneos;
				SWIFT_COMPILATION_MODE = wholemodule;
				SWIFT_OPTIMIZATION_LEVEL = "-O";
				VALIDATE_PRODUCT = YES;
			};
			name = Release;
		};
		04E09481267A06B900A69956 /* Debug */ = {
			isa = XCBuildConfiguration;
			baseConfigurationReference = 81D1B9EBAF1D92CCA563E435 /* Pods-ECleaner.debug.xcconfig */;
			buildSettings = {
				ASSETCATALOG_COMPILER_APPICON_NAME = AppIcon;
				ASSETCATALOG_COMPILER_GLOBAL_ACCENT_COLOR_NAME = AccentColor;
				CODE_SIGN_STYLE = Automatic;
				DEVELOPMENT_TEAM = 7684Y6KS7W;
				INFOPLIST_FILE = ECleaner/Info.plist;
				IPHONEOS_DEPLOYMENT_TARGET = 13.0;
				LD_RUNPATH_SEARCH_PATHS = (
					"$(inherited)",
					"@executable_path/Frameworks",
				);
				MARKETING_VERSION = 0.01;
				PRODUCT_BUNDLE_IDENTIFIER = com.ecleaner.com;
				PRODUCT_NAME = "$(TARGET_NAME)";
				SWIFT_VERSION = 5.0;
				TARGETED_DEVICE_FAMILY = "1,2";
			};
			name = Debug;
		};
		04E09482267A06B900A69956 /* Release */ = {
			isa = XCBuildConfiguration;
			baseConfigurationReference = D5E1E3293C3C186D5078FB52 /* Pods-ECleaner.release.xcconfig */;
			buildSettings = {
				ASSETCATALOG_COMPILER_APPICON_NAME = AppIcon;
				ASSETCATALOG_COMPILER_GLOBAL_ACCENT_COLOR_NAME = AccentColor;
				CODE_SIGN_STYLE = Automatic;
				DEVELOPMENT_TEAM = 7684Y6KS7W;
				INFOPLIST_FILE = ECleaner/Info.plist;
				IPHONEOS_DEPLOYMENT_TARGET = 13.0;
				LD_RUNPATH_SEARCH_PATHS = (
					"$(inherited)",
					"@executable_path/Frameworks",
				);
				MARKETING_VERSION = 0.01;
				PRODUCT_BUNDLE_IDENTIFIER = com.ecleaner.com;
				PRODUCT_NAME = "$(TARGET_NAME)";
				SWIFT_VERSION = 5.0;
				TARGETED_DEVICE_FAMILY = "1,2";
			};
			name = Release;
		};
/* End XCBuildConfiguration section */

/* Begin XCConfigurationList section */
		04E09467267A06B500A69956 /* Build configuration list for PBXProject "ECleaner" */ = {
			isa = XCConfigurationList;
			buildConfigurations = (
				04E0947E267A06B900A69956 /* Debug */,
				04E0947F267A06B900A69956 /* Release */,
			);
			defaultConfigurationIsVisible = 0;
			defaultConfigurationName = Release;
		};
		04E09480267A06B900A69956 /* Build configuration list for PBXNativeTarget "ECleaner" */ = {
			isa = XCConfigurationList;
			buildConfigurations = (
				04E09481267A06B900A69956 /* Debug */,
				04E09482267A06B900A69956 /* Release */,
			);
			defaultConfigurationIsVisible = 0;
			defaultConfigurationName = Release;
		};
/* End XCConfigurationList section */
	};
	rootObject = 04E09464267A06B500A69956 /* Project object */;
}
