PODS:
  - CocoaImageHashing (1.7.0)
  - PhoneNumberKit (3.3.3):
    - PhoneNumberKit/PhoneNumberKitCore (= 3.3.3)
    - PhoneNumberKit/UIKit (= 3.3.3)
  - PhoneNumberKit/PhoneNumberKitCore (3.3.3)
  - PhoneNumberKit/UIKit (3.3.3):
    - PhoneNumberKit/PhoneNumberKitCore
  - SwiftMessages (9.0.5):
    - SwiftMessages/App (= 9.0.5)
  - SwiftMessages/App (9.0.5)

DEPENDENCIES:
  - CocoaImageHashing
  - PhoneNumberKit
  - SwiftMessages

SPEC REPOS:
  https://github.com/CocoaPods/Specs.git:
    - CocoaImageHashing
    - PhoneNumberKit
    - SwiftMessages

SPEC CHECKSUMS:
  CocoaImageHashing: 2c8efd6dd60f9030cd54086b34ffc48e927821c3
  PhoneNumberKit: 4ce83273551c4d2ae10b7361162f4283dd02835f
  SwiftMessages: 9cca50659fa22bb523b4dd2a958d4442e843a354

PODFILE CHECKSUM: 10781ad57a42be4fab85dbbca43bdc81764b2c02

COCOAPODS: 1.11.2
